// !$*UTF8*$!
{
	archiveVersion = 1;
	classes = {
	};
	objectVersion = 46;
	objects = {

/* Begin PBXBuildFile section */
		3F8A2B41FFAC0E1FB970EE54 /* Pods_Juke_Dev.framework in Frameworks */ = {isa = PBXBuildFile; fileRef = 08BEAF84424C40B20B502CAC /* Pods_Juke_Dev.framework */; };
		4B0490E91E734614003F49DF /* SongTableViewCell.swift in Sources */ = {isa = PBXBuildFile; fileRef = 4B0490E81E734614003F49DF /* SongTableViewCell.swift */; };
		4B04E4591F55682C001605E2 /* CustomDataSource.swift in Sources */ = {isa = PBXBuildFile; fileRef = 4B04E4581F55682C001605E2 /* CustomDataSource.swift */; };
		4B0532391F684FD600ADA988 /* SpotifySearchTableViewController.swift in Sources */ = {isa = PBXBuildFile; fileRef = 4B0532381F684FD600ADA988 /* SpotifySearchTableViewController.swift */; };
		4B0DDE111F7971DD009307D5 /* NameStreamViewController.swift in Sources */ = {isa = PBXBuildFile; fileRef = 4B0DDE101F7971DD009307D5 /* NameStreamViewController.swift */; };
		4B0DDE131F79BD7C009307D5 /* NameStreamViewController.xib in Resources */ = {isa = PBXBuildFile; fileRef = 4B0DDE121F79BD7C009307D5 /* NameStreamViewController.xib */; };
		4B0DDE151F79C649009307D5 /* ImageCache.swift in Sources */ = {isa = PBXBuildFile; fileRef = 4B0DDE141F79C649009307D5 /* ImageCache.swift */; };
		4B0DDE191F7A292C009307D5 /* SongKeeper.swift in Sources */ = {isa = PBXBuildFile; fileRef = 4B0DDE181F7A292C009307D5 /* SongKeeper.swift */; };
		4B0DDE1B1F7B04BA009307D5 /* MySongsTableViewController.swift in Sources */ = {isa = PBXBuildFile; fileRef = 4B0DDE1A1F7B04BA009307D5 /* MySongsTableViewController.swift */; };
		4B0DDE1D1F7B164B009307D5 /* MyLibraryPager.swift in Sources */ = {isa = PBXBuildFile; fileRef = 4B0DDE1C1F7B164B009307D5 /* MyLibraryPager.swift */; };
		4B0DDE1F1F7B1844009307D5 /* MyPlaylistsTableViewController.swift in Sources */ = {isa = PBXBuildFile; fileRef = 4B0DDE1E1F7B1844009307D5 /* MyPlaylistsTableViewController.swift */; };
		4B0DDE231F7B18B5009307D5 /* PlaylistTableViewCell.swift in Sources */ = {isa = PBXBuildFile; fileRef = 4B0DDE221F7B18B5009307D5 /* PlaylistTableViewCell.swift */; };
		4B0DDE251F7B1D71009307D5 /* PlaylistTableViewController.swift in Sources */ = {isa = PBXBuildFile; fileRef = 4B0DDE241F7B1D71009307D5 /* PlaylistTableViewController.swift */; };
		4B0FB5801E59A12C008D34FD /* CoreLocation.framework in Frameworks */ = {isa = PBXBuildFile; fileRef = 4B0FB57F1E59A12C008D34FD /* CoreLocation.framework */; };
		4B13DE4C1E8AFA970060D29A /* StreamCell.swift in Sources */ = {isa = PBXBuildFile; fileRef = 4B13DE4B1E8AFA970060D29A /* StreamCell.swift */; };
		4B13DE4E1E8AFB850060D29A /* StreamsTableViewController.swift in Sources */ = {isa = PBXBuildFile; fileRef = 4B13DE4D1E8AFB850060D29A /* StreamsTableViewController.swift */; };
		4B336A671E8B54A0003CEDBB /* Models.swift in Sources */ = {isa = PBXBuildFile; fileRef = 4B336A661E8B54A0003CEDBB /* Models.swift */; };
		4B3A34CD1E58120F00C314A0 /* AppDelegate.swift in Sources */ = {isa = PBXBuildFile; fileRef = 4B3A34CC1E58120F00C314A0 /* AppDelegate.swift */; };
		4B3A34D01E58120F00C314A0 /* Juke.xcdatamodeld in Sources */ = {isa = PBXBuildFile; fileRef = 4B3A34CE1E58120F00C314A0 /* Juke.xcdatamodeld */; };
		4B3A34D71E58120F00C314A0 /* Main.storyboard in Resources */ = {isa = PBXBuildFile; fileRef = 4B3A34D51E58120F00C314A0 /* Main.storyboard */; };
		4B3A34E51E581F1300C314A0 /* AVFoundation.framework in Frameworks */ = {isa = PBXBuildFile; fileRef = 4B3A34E41E581F1300C314A0 /* AVFoundation.framework */; };
		4B3A34E71E581F8F00C314A0 /* SystemConfiguration.framework in Frameworks */ = {isa = PBXBuildFile; fileRef = 4B3A34E61E581F8F00C314A0 /* SystemConfiguration.framework */; };
		4B48FDDD1F5DCCE400E87507 /* MenuActionController.swift in Sources */ = {isa = PBXBuildFile; fileRef = 4B48FDDC1F5DCCE400E87507 /* MenuActionController.swift */; };
		4B48FDE11F5DCEC700E87507 /* MenuCell.xib in Resources */ = {isa = PBXBuildFile; fileRef = 4B48FDE01F5DCEC700E87507 /* MenuCell.xib */; };
		4B48FDE31F5DCF7900E87507 /* ActionData.swift in Sources */ = {isa = PBXBuildFile; fileRef = 4B48FDE21F5DCF7900E87507 /* ActionData.swift */; };
		4B48FDE71F6108E700E87507 /* GradientView.swift in Sources */ = {isa = PBXBuildFile; fileRef = 4B48FDE61F6108E700E87507 /* GradientView.swift */; };
		4B4920C01F5722440089C61F /* SpotifyLoginController.swift in Sources */ = {isa = PBXBuildFile; fileRef = 4B4920BF1F5722440089C61F /* SpotifyLoginController.swift */; };
		4B5783B31F9035B80072C204 /* SpotifySearchTableViewController.swift in Sources */ = {isa = PBXBuildFile; fileRef = 4B0532381F684FD600ADA988 /* SpotifySearchTableViewController.swift */; };
		4B5783B41F9035B80072C204 /* StreamCell.swift in Sources */ = {isa = PBXBuildFile; fileRef = 4B13DE4B1E8AFA970060D29A /* StreamCell.swift */; };
		4B5783B51F9035B80072C204 /* UserCell.swift in Sources */ = {isa = PBXBuildFile; fileRef = 4B8CD0F71F51FF47005C61D1 /* UserCell.swift */; };
		4B5783B61F9035B80072C204 /* MyPlaylistsTableViewController.swift in Sources */ = {isa = PBXBuildFile; fileRef = 4B0DDE1E1F7B1844009307D5 /* MyPlaylistsTableViewController.swift */; };
		4B5783B71F9035B80072C204 /* StarredUsersDataSource.swift in Sources */ = {isa = PBXBuildFile; fileRef = 4BCFA0291F70516E00E49516 /* StarredUsersDataSource.swift */; };
		4B5783B81F9035B80072C204 /* Models.swift in Sources */ = {isa = PBXBuildFile; fileRef = 4B336A661E8B54A0003CEDBB /* Models.swift */; };
		4B5783B91F9035B80072C204 /* Constants.swift in Sources */ = {isa = PBXBuildFile; fileRef = 4BDCEC051E720D0B00D9D3EE /* Constants.swift */; };
		4B5783BA1F9035B80072C204 /* Juke.xcdatamodeld in Sources */ = {isa = PBXBuildFile; fileRef = 4B3A34CE1E58120F00C314A0 /* Juke.xcdatamodeld */; };
		4B5783BB1F9035B80072C204 /* SongTableViewCell.swift in Sources */ = {isa = PBXBuildFile; fileRef = 4B0490E81E734614003F49DF /* SongTableViewCell.swift */; };
		4B5783BC1F9035B80072C204 /* SongQueueDataSource.swift in Sources */ = {isa = PBXBuildFile; fileRef = 4BCFA02D1F70518900E49516 /* SongQueueDataSource.swift */; };
		4B5783BD1F9035B80072C204 /* EmptyStreamViewController.swift in Sources */ = {isa = PBXBuildFile; fileRef = 4BCFA0241F6DC75F00E49516 /* EmptyStreamViewController.swift */; };
		4B5783BE1F9035B80072C204 /* ActionData.swift in Sources */ = {isa = PBXBuildFile; fileRef = 4B48FDE21F5DCF7900E87507 /* ActionData.swift */; };
		4B5783BF1F9035B80072C204 /* MySongsTableViewController.swift in Sources */ = {isa = PBXBuildFile; fileRef = 4B0DDE1A1F7B04BA009307D5 /* MySongsTableViewController.swift */; };
		4B5783C01F9035B80072C204 /* SpotifyLoginController.swift in Sources */ = {isa = PBXBuildFile; fileRef = 4B4920BF1F5722440089C61F /* SpotifyLoginController.swift */; };
		4B5783C11F9035B80072C204 /* PlaylistTableViewController.swift in Sources */ = {isa = PBXBuildFile; fileRef = 4B0DDE241F7B1D71009307D5 /* PlaylistTableViewController.swift */; };
		4B5783C21F9035B80072C204 /* SongKeeper.swift in Sources */ = {isa = PBXBuildFile; fileRef = 4B0DDE181F7A292C009307D5 /* SongKeeper.swift */; };
		4B5783C31F9035B80072C204 /* UsersDataSource.swift in Sources */ = {isa = PBXBuildFile; fileRef = 4BCFA02B1F70517900E49516 /* UsersDataSource.swift */; };
		4B5783C41F9035B80072C204 /* StreamsTableViewController.swift in Sources */ = {isa = PBXBuildFile; fileRef = 4B13DE4D1E8AFB850060D29A /* StreamsTableViewController.swift */; };
		4B5783C51F9035B80072C204 /* StarredTableViewController.swift in Sources */ = {isa = PBXBuildFile; fileRef = F25133BF1F6E7C8F002745C7 /* StarredTableViewController.swift */; };
		4B5783C61F9035B80072C204 /* PlaylistTableViewCell.swift in Sources */ = {isa = PBXBuildFile; fileRef = 4B0DDE221F7B18B5009307D5 /* PlaylistTableViewCell.swift */; };
		4B5783C81F9035B80072C204 /* MembersTableViewController.swift in Sources */ = {isa = PBXBuildFile; fileRef = 4BCFA0221F6DBAA600E49516 /* MembersTableViewController.swift */; };
		4B5783C91F9035B80072C204 /* StreamsDataSource.swift in Sources */ = {isa = PBXBuildFile; fileRef = 4BCFA0271F70515D00E49516 /* StreamsDataSource.swift */; };
		4B5783CA1F9035B80072C204 /* StarredUserCell.swift in Sources */ = {isa = PBXBuildFile; fileRef = 4BCFA02F1F70532700E49516 /* StarredUserCell.swift */; };
		4B5783CB1F9035B80072C204 /* LockScreenDelegate.swift in Sources */ = {isa = PBXBuildFile; fileRef = 4BB2B3791F7F1DE400DDB6F5 /* LockScreenDelegate.swift */; };
		4B5783CC1F9035B80072C204 /* MyStreamController.swift in Sources */ = {isa = PBXBuildFile; fileRef = 4BA7CB6F1E8ED007003E3DC8 /* MyStreamController.swift */; };
		4B5783CD1F9035B80072C204 /* MenuActionController.swift in Sources */ = {isa = PBXBuildFile; fileRef = 4B48FDDC1F5DCCE400E87507 /* MenuActionController.swift */; };
		4B5783CE1F9035B80072C204 /* FirebaseAPI.swift in Sources */ = {isa = PBXBuildFile; fileRef = 4B7C1EA01F484DF00064F1C3 /* FirebaseAPI.swift */; };
		4B5783CF1F9035B80072C204 /* StarredStreamsViewController.swift in Sources */ = {isa = PBXBuildFile; fileRef = F2242EB51F730416000BE18A /* StarredStreamsViewController.swift */; };
		4B5783D01F9035B80072C204 /* MyStreamRootViewController.swift in Sources */ = {isa = PBXBuildFile; fileRef = 4B62A2D71F69D05B00864EFF /* MyStreamRootViewController.swift */; };
		4B5783D11F9035B80072C204 /* LoginViewController.swift in Sources */ = {isa = PBXBuildFile; fileRef = F2E815571E90BBBC00404DDF /* LoginViewController.swift */; };
		4B5783D21F9035B80072C204 /* SessionManager.swift in Sources */ = {isa = PBXBuildFile; fileRef = 4BCFA0321F71B71C00E49516 /* SessionManager.swift */; };
		4B5783D31F9035B80072C204 /* ImageCache.swift in Sources */ = {isa = PBXBuildFile; fileRef = 4B0DDE141F79C649009307D5 /* ImageCache.swift */; };
		4B5783D41F9035B80072C204 /* CustomDataSource.swift in Sources */ = {isa = PBXBuildFile; fileRef = 4B04E4581F55682C001605E2 /* CustomDataSource.swift */; };
		4B5783D51F9035B80072C204 /* GradientView.swift in Sources */ = {isa = PBXBuildFile; fileRef = 4B48FDE61F6108E700E87507 /* GradientView.swift */; };
		4B5783D61F9035B80072C204 /* StarredStreamsDataSource.swift in Sources */ = {isa = PBXBuildFile; fileRef = F2B98C041F71B6A400BDECEC /* StarredStreamsDataSource.swift */; };
		4B5783D71F9035B80072C204 /* StreamsPager.swift in Sources */ = {isa = PBXBuildFile; fileRef = F2B98C111F724C1700BDECEC /* StreamsPager.swift */; };
		4B5783D81F9035B80072C204 /* AppDelegate.swift in Sources */ = {isa = PBXBuildFile; fileRef = 4B3A34CC1E58120F00C314A0 /* AppDelegate.swift */; };
		4B5783D91F9035B80072C204 /* JamsPlayer.swift in Sources */ = {isa = PBXBuildFile; fileRef = 4BDCEBA71E709F7F00D9D3EE /* JamsPlayer.swift */; };
		4B5783DA1F9035B80072C204 /* MyLibraryPager.swift in Sources */ = {isa = PBXBuildFile; fileRef = 4B0DDE1C1F7B164B009307D5 /* MyLibraryPager.swift */; };
		4B5783DB1F9035B80072C204 /* SearchCell.swift in Sources */ = {isa = PBXBuildFile; fileRef = F2DB0B361EA14BA200A13E30 /* SearchCell.swift */; };
		4B5783DC1F9035B80072C204 /* UsersTableViewController.swift in Sources */ = {isa = PBXBuildFile; fileRef = F2E10C121F64EFE900E6723F /* UsersTableViewController.swift */; };
		4B5783DD1F9035B80072C204 /* Current.swift in Sources */ = {isa = PBXBuildFile; fileRef = 4BA9B3F41E91B043003D352E /* Current.swift */; };
		4B5783DE1F9035B80072C204 /* NameStreamViewController.swift in Sources */ = {isa = PBXBuildFile; fileRef = 4B0DDE101F7971DD009307D5 /* NameStreamViewController.swift */; };
		4B5783E01F9035B80072C204 /* CoreGraphics.framework in Frameworks */ = {isa = PBXBuildFile; fileRef = F2F8B7E31EB18B0B000A438B /* CoreGraphics.framework */; };
		4B5783E11F9035B80072C204 /* SpotifyAuthentication.framework in Frameworks */ = {isa = PBXBuildFile; fileRef = F26A652E1EB194F100ADB14E /* SpotifyAuthentication.framework */; };
		4B5783E21F9035B80072C204 /* CoreLocation.framework in Frameworks */ = {isa = PBXBuildFile; fileRef = 4B0FB57F1E59A12C008D34FD /* CoreLocation.framework */; };
		4B5783E31F9035B80072C204 /* SystemConfiguration.framework in Frameworks */ = {isa = PBXBuildFile; fileRef = 4B3A34E61E581F8F00C314A0 /* SystemConfiguration.framework */; };
		4B5783E41F9035B80072C204 /* SpotifyMetadata.framework in Frameworks */ = {isa = PBXBuildFile; fileRef = F26A652F1EB194F100ADB14E /* SpotifyMetadata.framework */; };
		4B5783E51F9035B80072C204 /* AVFoundation.framework in Frameworks */ = {isa = PBXBuildFile; fileRef = 4B3A34E41E581F1300C314A0 /* AVFoundation.framework */; };
		4B5783E71F9035B80072C204 /* SpotifyAudioPlayback.framework in Frameworks */ = {isa = PBXBuildFile; fileRef = F26A652D1EB194F100ADB14E /* SpotifyAudioPlayback.framework */; };
		4B5783E91F9035B80072C204 /* MenuCell.xib in Resources */ = {isa = PBXBuildFile; fileRef = 4B48FDE01F5DCEC700E87507 /* MenuCell.xib */; };
		4B5783EA1F9035B80072C204 /* NameStreamViewController.xib in Resources */ = {isa = PBXBuildFile; fileRef = 4B0DDE121F79BD7C009307D5 /* NameStreamViewController.xib */; };
		4B5783EB1F9035B80072C204 /* Assets.xcassets in Resources */ = {isa = PBXBuildFile; fileRef = 4B73AB7D1F69022B008DF5A2 /* Assets.xcassets */; };
		4B5783EC1F9035B80072C204 /* Main.storyboard in Resources */ = {isa = PBXBuildFile; fileRef = 4B3A34D51E58120F00C314A0 /* Main.storyboard */; };
		4B62A2D81F69D05B00864EFF /* MyStreamRootViewController.swift in Sources */ = {isa = PBXBuildFile; fileRef = 4B62A2D71F69D05B00864EFF /* MyStreamRootViewController.swift */; };
		4B73AB7E1F69022B008DF5A2 /* Assets.xcassets in Resources */ = {isa = PBXBuildFile; fileRef = 4B73AB7D1F69022B008DF5A2 /* Assets.xcassets */; };
		4B7C1EA11F484DF00064F1C3 /* FirebaseAPI.swift in Sources */ = {isa = PBXBuildFile; fileRef = 4B7C1EA01F484DF00064F1C3 /* FirebaseAPI.swift */; };
		4B8CD0F81F51FF47005C61D1 /* UserCell.swift in Sources */ = {isa = PBXBuildFile; fileRef = 4B8CD0F71F51FF47005C61D1 /* UserCell.swift */; };
		4BA7CB701E8ED007003E3DC8 /* MyStreamController.swift in Sources */ = {isa = PBXBuildFile; fileRef = 4BA7CB6F1E8ED007003E3DC8 /* MyStreamController.swift */; };
		4BA9B3F51E91B043003D352E /* Current.swift in Sources */ = {isa = PBXBuildFile; fileRef = 4BA9B3F41E91B043003D352E /* Current.swift */; };
		4BB2B37A1F7F1DE400DDB6F5 /* LockScreenDelegate.swift in Sources */ = {isa = PBXBuildFile; fileRef = 4BB2B3791F7F1DE400DDB6F5 /* LockScreenDelegate.swift */; };
		4BCFA0231F6DBAA600E49516 /* MembersTableViewController.swift in Sources */ = {isa = PBXBuildFile; fileRef = 4BCFA0221F6DBAA600E49516 /* MembersTableViewController.swift */; };
		4BCFA0251F6DC75F00E49516 /* EmptyStreamViewController.swift in Sources */ = {isa = PBXBuildFile; fileRef = 4BCFA0241F6DC75F00E49516 /* EmptyStreamViewController.swift */; };
		4BCFA0281F70515D00E49516 /* StreamsDataSource.swift in Sources */ = {isa = PBXBuildFile; fileRef = 4BCFA0271F70515D00E49516 /* StreamsDataSource.swift */; };
		4BCFA02A1F70516E00E49516 /* StarredUsersDataSource.swift in Sources */ = {isa = PBXBuildFile; fileRef = 4BCFA0291F70516E00E49516 /* StarredUsersDataSource.swift */; };
		4BCFA02C1F70517900E49516 /* UsersDataSource.swift in Sources */ = {isa = PBXBuildFile; fileRef = 4BCFA02B1F70517900E49516 /* UsersDataSource.swift */; };
		4BCFA02E1F70518900E49516 /* SongQueueDataSource.swift in Sources */ = {isa = PBXBuildFile; fileRef = 4BCFA02D1F70518900E49516 /* SongQueueDataSource.swift */; };
		4BCFA0301F70532700E49516 /* StarredUserCell.swift in Sources */ = {isa = PBXBuildFile; fileRef = 4BCFA02F1F70532700E49516 /* StarredUserCell.swift */; };
		4BCFA0331F71B71C00E49516 /* SessionManager.swift in Sources */ = {isa = PBXBuildFile; fileRef = 4BCFA0321F71B71C00E49516 /* SessionManager.swift */; };
		4BDCEBA81E709F7F00D9D3EE /* JamsPlayer.swift in Sources */ = {isa = PBXBuildFile; fileRef = 4BDCEBA71E709F7F00D9D3EE /* JamsPlayer.swift */; };
		4BDCEC061E720D0B00D9D3EE /* Constants.swift in Sources */ = {isa = PBXBuildFile; fileRef = 4BDCEC051E720D0B00D9D3EE /* Constants.swift */; };
		4BDFF1D01F92AD1100A68D9A /* Dev_GoogleService-Info.plist in Resources */ = {isa = PBXBuildFile; fileRef = 4BDFF1CF1F92AD1100A68D9A /* Dev_GoogleService-Info.plist */; };
		4BE100511F9042E0001B81C6 /* Production_GoogleService-Info.plist in Resources */ = {isa = PBXBuildFile; fileRef = 4BE1004F1F9042E0001B81C6 /* Production_GoogleService-Info.plist */; };
		92E279DB810F22F2C47E4E8E /* Pods_Juke_Production.framework in Frameworks */ = {isa = PBXBuildFile; fileRef = E6EC70CD26CC692EDD2EB290 /* Pods_Juke_Production.framework */; };
		F2242EB61F730416000BE18A /* StarredStreamsViewController.swift in Sources */ = {isa = PBXBuildFile; fileRef = F2242EB51F730416000BE18A /* StarredStreamsViewController.swift */; };
		F25133C01F6E7C8F002745C7 /* StarredTableViewController.swift in Sources */ = {isa = PBXBuildFile; fileRef = F25133BF1F6E7C8F002745C7 /* StarredTableViewController.swift */; };
		F26A65301EB194F100ADB14E /* SpotifyAudioPlayback.framework in Frameworks */ = {isa = PBXBuildFile; fileRef = F26A652D1EB194F100ADB14E /* SpotifyAudioPlayback.framework */; };
		F26A65311EB194F100ADB14E /* SpotifyAuthentication.framework in Frameworks */ = {isa = PBXBuildFile; fileRef = F26A652E1EB194F100ADB14E /* SpotifyAuthentication.framework */; };
		F26A65321EB194F100ADB14E /* SpotifyMetadata.framework in Frameworks */ = {isa = PBXBuildFile; fileRef = F26A652F1EB194F100ADB14E /* SpotifyMetadata.framework */; };
		F2B98C051F71B6A400BDECEC /* StarredStreamsDataSource.swift in Sources */ = {isa = PBXBuildFile; fileRef = F2B98C041F71B6A400BDECEC /* StarredStreamsDataSource.swift */; };
		F2B98C121F724C1700BDECEC /* StreamsPager.swift in Sources */ = {isa = PBXBuildFile; fileRef = F2B98C111F724C1700BDECEC /* StreamsPager.swift */; };
		F2DB0B371EA14BA200A13E30 /* SearchCell.swift in Sources */ = {isa = PBXBuildFile; fileRef = F2DB0B361EA14BA200A13E30 /* SearchCell.swift */; };
		F2E10C131F64EFE900E6723F /* UsersTableViewController.swift in Sources */ = {isa = PBXBuildFile; fileRef = F2E10C121F64EFE900E6723F /* UsersTableViewController.swift */; };
		F2E815581E90BBBC00404DDF /* LoginViewController.swift in Sources */ = {isa = PBXBuildFile; fileRef = F2E815571E90BBBC00404DDF /* LoginViewController.swift */; };
		F2F8B7E41EB18B0B000A438B /* CoreGraphics.framework in Frameworks */ = {isa = PBXBuildFile; fileRef = F2F8B7E31EB18B0B000A438B /* CoreGraphics.framework */; };
/* End PBXBuildFile section */

/* Begin PBXFileReference section */
		08BEAF84424C40B20B502CAC /* Pods_Juke_Dev.framework */ = {isa = PBXFileReference; explicitFileType = wrapper.framework; includeInIndex = 0; path = Pods_Juke_Dev.framework; sourceTree = BUILT_PRODUCTS_DIR; };
		2361772256898FAEC68881A3 /* Pods-Juke Dev.debug.xcconfig */ = {isa = PBXFileReference; includeInIndex = 1; lastKnownFileType = text.xcconfig; name = "Pods-Juke Dev.debug.xcconfig"; path = "Pods/Target Support Files/Pods-Juke Dev/Pods-Juke Dev.debug.xcconfig"; sourceTree = "<group>"; };
		4B0490E81E734614003F49DF /* SongTableViewCell.swift */ = {isa = PBXFileReference; fileEncoding = 4; lastKnownFileType = sourcecode.swift; path = SongTableViewCell.swift; sourceTree = "<group>"; };
		4B04E4581F55682C001605E2 /* CustomDataSource.swift */ = {isa = PBXFileReference; fileEncoding = 4; lastKnownFileType = sourcecode.swift; path = CustomDataSource.swift; sourceTree = "<group>"; };
		4B0532381F684FD600ADA988 /* SpotifySearchTableViewController.swift */ = {isa = PBXFileReference; fileEncoding = 4; lastKnownFileType = sourcecode.swift; path = SpotifySearchTableViewController.swift; sourceTree = "<group>"; };
		4B054AF51F94110900116B21 /* Juke Production.entitlements */ = {isa = PBXFileReference; lastKnownFileType = text.plist.entitlements; path = "Juke Production.entitlements"; sourceTree = "<group>"; };
		4B054AF61F9411C800116B21 /* Juke Dev.entitlements */ = {isa = PBXFileReference; lastKnownFileType = text.plist.entitlements; path = "Juke Dev.entitlements"; sourceTree = "<group>"; };
		4B0DDE101F7971DD009307D5 /* NameStreamViewController.swift */ = {isa = PBXFileReference; fileEncoding = 4; lastKnownFileType = sourcecode.swift; path = NameStreamViewController.swift; sourceTree = "<group>"; };
		4B0DDE121F79BD7C009307D5 /* NameStreamViewController.xib */ = {isa = PBXFileReference; fileEncoding = 4; lastKnownFileType = file.xib; path = NameStreamViewController.xib; sourceTree = "<group>"; };
		4B0DDE141F79C649009307D5 /* ImageCache.swift */ = {isa = PBXFileReference; fileEncoding = 4; lastKnownFileType = sourcecode.swift; path = ImageCache.swift; sourceTree = "<group>"; };
		4B0DDE181F7A292C009307D5 /* SongKeeper.swift */ = {isa = PBXFileReference; fileEncoding = 4; lastKnownFileType = sourcecode.swift; path = SongKeeper.swift; sourceTree = "<group>"; };
		4B0DDE1A1F7B04BA009307D5 /* MySongsTableViewController.swift */ = {isa = PBXFileReference; fileEncoding = 4; lastKnownFileType = sourcecode.swift; path = MySongsTableViewController.swift; sourceTree = "<group>"; };
		4B0DDE1C1F7B164B009307D5 /* MyLibraryPager.swift */ = {isa = PBXFileReference; fileEncoding = 4; lastKnownFileType = sourcecode.swift; path = MyLibraryPager.swift; sourceTree = "<group>"; };
		4B0DDE1E1F7B1844009307D5 /* MyPlaylistsTableViewController.swift */ = {isa = PBXFileReference; fileEncoding = 4; lastKnownFileType = sourcecode.swift; path = MyPlaylistsTableViewController.swift; sourceTree = "<group>"; };
		4B0DDE221F7B18B5009307D5 /* PlaylistTableViewCell.swift */ = {isa = PBXFileReference; fileEncoding = 4; lastKnownFileType = sourcecode.swift; path = PlaylistTableViewCell.swift; sourceTree = "<group>"; };
		4B0DDE241F7B1D71009307D5 /* PlaylistTableViewController.swift */ = {isa = PBXFileReference; fileEncoding = 4; lastKnownFileType = sourcecode.swift; path = PlaylistTableViewController.swift; sourceTree = "<group>"; };
		4B0FB57F1E59A12C008D34FD /* CoreLocation.framework */ = {isa = PBXFileReference; lastKnownFileType = wrapper.framework; name = CoreLocation.framework; path = System/Library/Frameworks/CoreLocation.framework; sourceTree = SDKROOT; };
		4B13DE4B1E8AFA970060D29A /* StreamCell.swift */ = {isa = PBXFileReference; fileEncoding = 4; lastKnownFileType = sourcecode.swift; path = StreamCell.swift; sourceTree = "<group>"; };
		4B13DE4D1E8AFB850060D29A /* StreamsTableViewController.swift */ = {isa = PBXFileReference; fileEncoding = 4; lastKnownFileType = sourcecode.swift; path = StreamsTableViewController.swift; sourceTree = "<group>"; };
		4B336A661E8B54A0003CEDBB /* Models.swift */ = {isa = PBXFileReference; fileEncoding = 4; lastKnownFileType = sourcecode.swift; path = Models.swift; sourceTree = "<group>"; };
		4B3A34C91E58120F00C314A0 /* Juke Dev.app */ = {isa = PBXFileReference; explicitFileType = wrapper.application; includeInIndex = 0; path = "Juke Dev.app"; sourceTree = BUILT_PRODUCTS_DIR; };
		4B3A34CC1E58120F00C314A0 /* AppDelegate.swift */ = {isa = PBXFileReference; lastKnownFileType = sourcecode.swift; path = AppDelegate.swift; sourceTree = "<group>"; };
		4B3A34CF1E58120F00C314A0 /* Juke.xcdatamodel */ = {isa = PBXFileReference; lastKnownFileType = wrapper.xcdatamodel; path = Juke.xcdatamodel; sourceTree = "<group>"; };
		4B3A34D61E58120F00C314A0 /* Base */ = {isa = PBXFileReference; lastKnownFileType = file.storyboard; name = Base; path = Base.lproj/Main.storyboard; sourceTree = "<group>"; };
		4B3A34E41E581F1300C314A0 /* AVFoundation.framework */ = {isa = PBXFileReference; lastKnownFileType = wrapper.framework; name = AVFoundation.framework; path = System/Library/Frameworks/AVFoundation.framework; sourceTree = SDKROOT; };
		4B3A34E61E581F8F00C314A0 /* SystemConfiguration.framework */ = {isa = PBXFileReference; lastKnownFileType = wrapper.framework; name = SystemConfiguration.framework; path = System/Library/Frameworks/SystemConfiguration.framework; sourceTree = SDKROOT; };
		4B48FDDC1F5DCCE400E87507 /* MenuActionController.swift */ = {isa = PBXFileReference; fileEncoding = 4; lastKnownFileType = sourcecode.swift; path = MenuActionController.swift; sourceTree = "<group>"; };
		4B48FDE01F5DCEC700E87507 /* MenuCell.xib */ = {isa = PBXFileReference; fileEncoding = 4; lastKnownFileType = file.xib; path = MenuCell.xib; sourceTree = "<group>"; };
		4B48FDE21F5DCF7900E87507 /* ActionData.swift */ = {isa = PBXFileReference; fileEncoding = 4; lastKnownFileType = sourcecode.swift; path = ActionData.swift; sourceTree = "<group>"; };
		4B48FDE61F6108E700E87507 /* GradientView.swift */ = {isa = PBXFileReference; fileEncoding = 4; lastKnownFileType = sourcecode.swift; path = GradientView.swift; sourceTree = "<group>"; };
		4B4920BF1F5722440089C61F /* SpotifyLoginController.swift */ = {isa = PBXFileReference; fileEncoding = 4; lastKnownFileType = sourcecode.swift; path = SpotifyLoginController.swift; sourceTree = "<group>"; };
		4B5783F41F9035B80072C204 /* Juke Production.app */ = {isa = PBXFileReference; explicitFileType = wrapper.application; includeInIndex = 0; path = "Juke Production.app"; sourceTree = BUILT_PRODUCTS_DIR; };
		4B62A2D71F69D05B00864EFF /* MyStreamRootViewController.swift */ = {isa = PBXFileReference; fileEncoding = 4; lastKnownFileType = sourcecode.swift; path = MyStreamRootViewController.swift; sourceTree = "<group>"; };
		4B73AB7D1F69022B008DF5A2 /* Assets.xcassets */ = {isa = PBXFileReference; lastKnownFileType = folder.assetcatalog; path = Assets.xcassets; sourceTree = "<group>"; };
		4B7C1EA01F484DF00064F1C3 /* FirebaseAPI.swift */ = {isa = PBXFileReference; fileEncoding = 4; lastKnownFileType = sourcecode.swift; path = FirebaseAPI.swift; sourceTree = "<group>"; };
		4B8CD0F71F51FF47005C61D1 /* UserCell.swift */ = {isa = PBXFileReference; fileEncoding = 4; lastKnownFileType = sourcecode.swift; path = UserCell.swift; sourceTree = "<group>"; };
		4BA7CB6F1E8ED007003E3DC8 /* MyStreamController.swift */ = {isa = PBXFileReference; fileEncoding = 4; lastKnownFileType = sourcecode.swift; path = MyStreamController.swift; sourceTree = "<group>"; };
		4BA9B3F41E91B043003D352E /* Current.swift */ = {isa = PBXFileReference; fileEncoding = 4; lastKnownFileType = sourcecode.swift; path = Current.swift; sourceTree = "<group>"; };
		4BB2B3791F7F1DE400DDB6F5 /* LockScreenDelegate.swift */ = {isa = PBXFileReference; lastKnownFileType = sourcecode.swift; path = LockScreenDelegate.swift; sourceTree = "<group>"; };
		4BC778531E5821C2009DD520 /* Juke-Bridging-Header.h */ = {isa = PBXFileReference; lastKnownFileType = sourcecode.c.h; path = "Juke-Bridging-Header.h"; sourceTree = "<group>"; };
		4BCFA0221F6DBAA600E49516 /* MembersTableViewController.swift */ = {isa = PBXFileReference; fileEncoding = 4; lastKnownFileType = sourcecode.swift; path = MembersTableViewController.swift; sourceTree = "<group>"; };
		4BCFA0241F6DC75F00E49516 /* EmptyStreamViewController.swift */ = {isa = PBXFileReference; fileEncoding = 4; lastKnownFileType = sourcecode.swift; path = EmptyStreamViewController.swift; sourceTree = "<group>"; };
		4BCFA0271F70515D00E49516 /* StreamsDataSource.swift */ = {isa = PBXFileReference; fileEncoding = 4; lastKnownFileType = sourcecode.swift; path = StreamsDataSource.swift; sourceTree = "<group>"; };
		4BCFA0291F70516E00E49516 /* StarredUsersDataSource.swift */ = {isa = PBXFileReference; fileEncoding = 4; lastKnownFileType = sourcecode.swift; path = StarredUsersDataSource.swift; sourceTree = "<group>"; };
		4BCFA02B1F70517900E49516 /* UsersDataSource.swift */ = {isa = PBXFileReference; fileEncoding = 4; lastKnownFileType = sourcecode.swift; path = UsersDataSource.swift; sourceTree = "<group>"; };
		4BCFA02D1F70518900E49516 /* SongQueueDataSource.swift */ = {isa = PBXFileReference; fileEncoding = 4; lastKnownFileType = sourcecode.swift; path = SongQueueDataSource.swift; sourceTree = "<group>"; };
		4BCFA02F1F70532700E49516 /* StarredUserCell.swift */ = {isa = PBXFileReference; fileEncoding = 4; lastKnownFileType = sourcecode.swift; path = StarredUserCell.swift; sourceTree = "<group>"; };
		4BCFA0321F71B71C00E49516 /* SessionManager.swift */ = {isa = PBXFileReference; fileEncoding = 4; lastKnownFileType = sourcecode.swift; path = SessionManager.swift; sourceTree = "<group>"; };
		4BDCEBA71E709F7F00D9D3EE /* JamsPlayer.swift */ = {isa = PBXFileReference; fileEncoding = 4; lastKnownFileType = sourcecode.swift; path = JamsPlayer.swift; sourceTree = "<group>"; };
		4BDCEC051E720D0B00D9D3EE /* Constants.swift */ = {isa = PBXFileReference; fileEncoding = 4; lastKnownFileType = sourcecode.swift; path = Constants.swift; sourceTree = "<group>"; };
		4BDFF1CF1F92AD1100A68D9A /* Dev_GoogleService-Info.plist */ = {isa = PBXFileReference; fileEncoding = 4; lastKnownFileType = text.plist.xml; path = "Dev_GoogleService-Info.plist"; sourceTree = "<group>"; };
		4BE1004F1F9042E0001B81C6 /* Production_GoogleService-Info.plist */ = {isa = PBXFileReference; fileEncoding = 4; lastKnownFileType = text.plist.xml; name = "Production_GoogleService-Info.plist"; path = "Juke/Static/Production_GoogleService-Info.plist"; sourceTree = SOURCE_ROOT; };
		4BE100521F904325001B81C6 /* Juke Dev Info.plist */ = {isa = PBXFileReference; fileEncoding = 4; lastKnownFileType = text.plist.xml; path = "Juke Dev Info.plist"; sourceTree = "<group>"; };
		4BE100551F90432B001B81C6 /* Juke Production Info.plist */ = {isa = PBXFileReference; fileEncoding = 4; lastKnownFileType = text.plist.xml; path = "Juke Production Info.plist"; sourceTree = "<group>"; };
		4CF5B62550425341DF3D4986 /* Pods-Juke Production.debug.xcconfig */ = {isa = PBXFileReference; includeInIndex = 1; lastKnownFileType = text.xcconfig; name = "Pods-Juke Production.debug.xcconfig"; path = "Pods/Target Support Files/Pods-Juke Production/Pods-Juke Production.debug.xcconfig"; sourceTree = "<group>"; };
		67767AD38D69F17FCA7EC584 /* Pods-Juke Dev.release.xcconfig */ = {isa = PBXFileReference; includeInIndex = 1; lastKnownFileType = text.xcconfig; name = "Pods-Juke Dev.release.xcconfig"; path = "Pods/Target Support Files/Pods-Juke Dev/Pods-Juke Dev.release.xcconfig"; sourceTree = "<group>"; };
		A53E89CB8DC74D8E8C77768C /* Pods-Juke Production.release.xcconfig */ = {isa = PBXFileReference; includeInIndex = 1; lastKnownFileType = text.xcconfig; name = "Pods-Juke Production.release.xcconfig"; path = "Pods/Target Support Files/Pods-Juke Production/Pods-Juke Production.release.xcconfig"; sourceTree = "<group>"; };
		E6EC70CD26CC692EDD2EB290 /* Pods_Juke_Production.framework */ = {isa = PBXFileReference; explicitFileType = wrapper.framework; includeInIndex = 0; path = Pods_Juke_Production.framework; sourceTree = BUILT_PRODUCTS_DIR; };
		F2242EB51F730416000BE18A /* StarredStreamsViewController.swift */ = {isa = PBXFileReference; fileEncoding = 4; lastKnownFileType = sourcecode.swift; path = StarredStreamsViewController.swift; sourceTree = "<group>"; };
		F25133BF1F6E7C8F002745C7 /* StarredTableViewController.swift */ = {isa = PBXFileReference; fileEncoding = 4; lastKnownFileType = sourcecode.swift; path = StarredTableViewController.swift; sourceTree = "<group>"; };
		F26A652D1EB194F100ADB14E /* SpotifyAudioPlayback.framework */ = {isa = PBXFileReference; lastKnownFileType = wrapper.framework; path = SpotifyAudioPlayback.framework; sourceTree = "<group>"; };
		F26A652E1EB194F100ADB14E /* SpotifyAuthentication.framework */ = {isa = PBXFileReference; lastKnownFileType = wrapper.framework; path = SpotifyAuthentication.framework; sourceTree = "<group>"; };
		F26A652F1EB194F100ADB14E /* SpotifyMetadata.framework */ = {isa = PBXFileReference; lastKnownFileType = wrapper.framework; path = SpotifyMetadata.framework; sourceTree = "<group>"; };
		F2B98C041F71B6A400BDECEC /* StarredStreamsDataSource.swift */ = {isa = PBXFileReference; fileEncoding = 4; lastKnownFileType = sourcecode.swift; path = StarredStreamsDataSource.swift; sourceTree = "<group>"; };
		F2B98C111F724C1700BDECEC /* StreamsPager.swift */ = {isa = PBXFileReference; fileEncoding = 4; lastKnownFileType = sourcecode.swift; path = StreamsPager.swift; sourceTree = "<group>"; };
		F2DB0B361EA14BA200A13E30 /* SearchCell.swift */ = {isa = PBXFileReference; fileEncoding = 4; lastKnownFileType = sourcecode.swift; path = SearchCell.swift; sourceTree = "<group>"; };
		F2E10C121F64EFE900E6723F /* UsersTableViewController.swift */ = {isa = PBXFileReference; fileEncoding = 4; lastKnownFileType = sourcecode.swift; path = UsersTableViewController.swift; sourceTree = "<group>"; };
		F2E815571E90BBBC00404DDF /* LoginViewController.swift */ = {isa = PBXFileReference; fileEncoding = 4; lastKnownFileType = sourcecode.swift; path = LoginViewController.swift; sourceTree = "<group>"; };
		F2F8B7E31EB18B0B000A438B /* CoreGraphics.framework */ = {isa = PBXFileReference; lastKnownFileType = wrapper.framework; name = CoreGraphics.framework; path = System/Library/Frameworks/CoreGraphics.framework; sourceTree = SDKROOT; };
/* End PBXFileReference section */

/* Begin PBXFrameworksBuildPhase section */
		4B3A34C61E58120F00C314A0 /* Frameworks */ = {
			isa = PBXFrameworksBuildPhase;
			buildActionMask = 2147483647;
			files = (
				F2F8B7E41EB18B0B000A438B /* CoreGraphics.framework in Frameworks */,
				F26A65311EB194F100ADB14E /* SpotifyAuthentication.framework in Frameworks */,
				4B0FB5801E59A12C008D34FD /* CoreLocation.framework in Frameworks */,
				4B3A34E71E581F8F00C314A0 /* SystemConfiguration.framework in Frameworks */,
				F26A65321EB194F100ADB14E /* SpotifyMetadata.framework in Frameworks */,
				4B3A34E51E581F1300C314A0 /* AVFoundation.framework in Frameworks */,
				F26A65301EB194F100ADB14E /* SpotifyAudioPlayback.framework in Frameworks */,
				3F8A2B41FFAC0E1FB970EE54 /* Pods_Juke_Dev.framework in Frameworks */,
			);
			runOnlyForDeploymentPostprocessing = 0;
		};
		4B5783DF1F9035B80072C204 /* Frameworks */ = {
			isa = PBXFrameworksBuildPhase;
			buildActionMask = 2147483647;
			files = (
				4B5783E01F9035B80072C204 /* CoreGraphics.framework in Frameworks */,
				4B5783E11F9035B80072C204 /* SpotifyAuthentication.framework in Frameworks */,
				4B5783E21F9035B80072C204 /* CoreLocation.framework in Frameworks */,
				4B5783E31F9035B80072C204 /* SystemConfiguration.framework in Frameworks */,
				4B5783E41F9035B80072C204 /* SpotifyMetadata.framework in Frameworks */,
				4B5783E51F9035B80072C204 /* AVFoundation.framework in Frameworks */,
				4B5783E71F9035B80072C204 /* SpotifyAudioPlayback.framework in Frameworks */,
				92E279DB810F22F2C47E4E8E /* Pods_Juke_Production.framework in Frameworks */,
			);
			runOnlyForDeploymentPostprocessing = 0;
		};
/* End PBXFrameworksBuildPhase section */

/* Begin PBXGroup section */
		4B05323E1F687C2600ADA988 /* MyStream */ = {
			isa = PBXGroup;
			children = (
				4B48FDE21F5DCF7900E87507 /* ActionData.swift */,
				4BCFA0241F6DC75F00E49516 /* EmptyStreamViewController.swift */,
				4BDCEBA71E709F7F00D9D3EE /* JamsPlayer.swift */,
				4BCFA0221F6DBAA600E49516 /* MembersTableViewController.swift */,
				4B48FDDC1F5DCCE400E87507 /* MenuActionController.swift */,
				4B48FDE01F5DCEC700E87507 /* MenuCell.xib */,
				4BA7CB6F1E8ED007003E3DC8 /* MyStreamController.swift */,
				4B62A2D71F69D05B00864EFF /* MyStreamRootViewController.swift */,
				4B0490E81E734614003F49DF /* SongTableViewCell.swift */,
				4B0DDE101F7971DD009307D5 /* NameStreamViewController.swift */,
				4B0DDE121F79BD7C009307D5 /* NameStreamViewController.xib */,
			);
			path = MyStream;
			sourceTree = "<group>";
		};
		4B05323F1F687C7D00ADA988 /* Login */ = {
			isa = PBXGroup;
			children = (
				F2E815571E90BBBC00404DDF /* LoginViewController.swift */,
				4B4920BF1F5722440089C61F /* SpotifyLoginController.swift */,
				4BCFA0321F71B71C00E49516 /* SessionManager.swift */,
			);
			path = Login;
			sourceTree = "<group>";
		};
		4B0532401F687CC300ADA988 /* Streams */ = {
			isa = PBXGroup;
			children = (
				4B13DE4B1E8AFA970060D29A /* StreamCell.swift */,
				4B13DE4D1E8AFB850060D29A /* StreamsTableViewController.swift */,
				F2B98C111F724C1700BDECEC /* StreamsPager.swift */,
				F2242EB51F730416000BE18A /* StarredStreamsViewController.swift */,
			);
			path = Streams;
			sourceTree = "<group>";
		};
		4B0532411F687CC800ADA988 /* Users */ = {
			isa = PBXGroup;
			children = (
				F2E10C121F64EFE900E6723F /* UsersTableViewController.swift */,
				F25133BF1F6E7C8F002745C7 /* StarredTableViewController.swift */,
				4B8CD0F71F51FF47005C61D1 /* UserCell.swift */,
				4BCFA02F1F70532700E49516 /* StarredUserCell.swift */,
			);
			path = Users;
			sourceTree = "<group>";
		};
		4B0532421F687D4A00ADA988 /* Search */ = {
			isa = PBXGroup;
			children = (
				4B0532431F687D6400ADA988 /* MyLibrary */,
				4B0532441F687D6800ADA988 /* Spotify */,
				F2DB0B361EA14BA200A13E30 /* SearchCell.swift */,
				4B0DDE181F7A292C009307D5 /* SongKeeper.swift */,
				4B0DDE221F7B18B5009307D5 /* PlaylistTableViewCell.swift */,
				4B0DDE241F7B1D71009307D5 /* PlaylistTableViewController.swift */,
			);
			path = Search;
			sourceTree = "<group>";
		};
		4B0532431F687D6400ADA988 /* MyLibrary */ = {
			isa = PBXGroup;
			children = (
				4B0DDE1A1F7B04BA009307D5 /* MySongsTableViewController.swift */,
				4B0DDE1C1F7B164B009307D5 /* MyLibraryPager.swift */,
				4B0DDE1E1F7B1844009307D5 /* MyPlaylistsTableViewController.swift */,
			);
			path = MyLibrary;
			sourceTree = "<group>";
		};
		4B0532441F687D6800ADA988 /* Spotify */ = {
			isa = PBXGroup;
			children = (
				4B0532381F684FD600ADA988 /* SpotifySearchTableViewController.swift */,
			);
			path = Spotify;
			sourceTree = "<group>";
		};
		4B0532451F687DB200ADA988 /* Global */ = {
			isa = PBXGroup;
			children = (
				4BDCEC051E720D0B00D9D3EE /* Constants.swift */,
				4BA9B3F41E91B043003D352E /* Current.swift */,
				4B0DDE141F79C649009307D5 /* ImageCache.swift */,
			);
			path = Global;
			sourceTree = "<group>";
		};
		4B0532461F687EE900ADA988 /* Static */ = {
			isa = PBXGroup;
			children = (
				4B73AB7D1F69022B008DF5A2 /* Assets.xcassets */,
				4BE1004F1F9042E0001B81C6 /* Production_GoogleService-Info.plist */,
				4BE100521F904325001B81C6 /* Juke Dev Info.plist */,
				4BE100551F90432B001B81C6 /* Juke Production Info.plist */,
				4BDFF1CF1F92AD1100A68D9A /* Dev_GoogleService-Info.plist */,
				4BC778531E5821C2009DD520 /* Juke-Bridging-Header.h */,
				4B3A34CE1E58120F00C314A0 /* Juke.xcdatamodeld */,
			);
			path = Static;
			sourceTree = "<group>";
		};
		4B3A34C01E58120E00C314A0 = {
			isa = PBXGroup;
			children = (
				4B054AF61F9411C800116B21 /* Juke Dev.entitlements */,
				4B054AF51F94110900116B21 /* Juke Production.entitlements */,
				4B3A34E31E581F1300C314A0 /* Frameworks */,
				4B3A34CB1E58120F00C314A0 /* Juke */,
				5180FECD659CC87351E2CFDD /* Pods */,
				4B3A34CA1E58120F00C314A0 /* Products */,
			);
			sourceTree = "<group>";
		};
		4B3A34CA1E58120F00C314A0 /* Products */ = {
			isa = PBXGroup;
			children = (
				4B3A34C91E58120F00C314A0 /* Juke Dev.app */,
				4B5783F41F9035B80072C204 /* Juke Production.app */,
			);
			name = Products;
			sourceTree = "<group>";
		};
		4B3A34CB1E58120F00C314A0 /* Juke */ = {
			isa = PBXGroup;
			children = (
				4BCFA0261F70511E00E49516 /* DataSources */,
				4B0532451F687DB200ADA988 /* Global */,
				4B05323F1F687C7D00ADA988 /* Login */,
				4B05323E1F687C2600ADA988 /* MyStream */,
				4B0532421F687D4A00ADA988 /* Search */,
				4B0532461F687EE900ADA988 /* Static */,
				4B0532401F687CC300ADA988 /* Streams */,
				4B0532411F687CC800ADA988 /* Users */,
				4B3A34CC1E58120F00C314A0 /* AppDelegate.swift */,
				4B7C1EA01F484DF00064F1C3 /* FirebaseAPI.swift */,
				4B48FDE61F6108E700E87507 /* GradientView.swift */,
				4B3A34D51E58120F00C314A0 /* Main.storyboard */,
				4B336A661E8B54A0003CEDBB /* Models.swift */,
				4BB2B3791F7F1DE400DDB6F5 /* LockScreenDelegate.swift */,
			);
			path = Juke;
			sourceTree = "<group>";
		};
		4B3A34E31E581F1300C314A0 /* Frameworks */ = {
			isa = PBXGroup;
			children = (
				F26A652D1EB194F100ADB14E /* SpotifyAudioPlayback.framework */,
				F26A652E1EB194F100ADB14E /* SpotifyAuthentication.framework */,
				F26A652F1EB194F100ADB14E /* SpotifyMetadata.framework */,
				F2F8B7E31EB18B0B000A438B /* CoreGraphics.framework */,
				4B0FB57F1E59A12C008D34FD /* CoreLocation.framework */,
				4B3A34E61E581F8F00C314A0 /* SystemConfiguration.framework */,
				4B3A34E41E581F1300C314A0 /* AVFoundation.framework */,
				08BEAF84424C40B20B502CAC /* Pods_Juke_Dev.framework */,
				E6EC70CD26CC692EDD2EB290 /* Pods_Juke_Production.framework */,
			);
			name = Frameworks;
			sourceTree = "<group>";
		};
		4BCFA0261F70511E00E49516 /* DataSources */ = {
			isa = PBXGroup;
			children = (
				4B04E4581F55682C001605E2 /* CustomDataSource.swift */,
				4BCFA02D1F70518900E49516 /* SongQueueDataSource.swift */,
				4BCFA0291F70516E00E49516 /* StarredUsersDataSource.swift */,
				4BCFA0271F70515D00E49516 /* StreamsDataSource.swift */,
				4BCFA02B1F70517900E49516 /* UsersDataSource.swift */,
				F2B98C041F71B6A400BDECEC /* StarredStreamsDataSource.swift */,
			);
			path = DataSources;
			sourceTree = "<group>";
		};
		5180FECD659CC87351E2CFDD /* Pods */ = {
			isa = PBXGroup;
			children = (
				2361772256898FAEC68881A3 /* Pods-Juke Dev.debug.xcconfig */,
				67767AD38D69F17FCA7EC584 /* Pods-Juke Dev.release.xcconfig */,
				4CF5B62550425341DF3D4986 /* Pods-Juke Production.debug.xcconfig */,
				A53E89CB8DC74D8E8C77768C /* Pods-Juke Production.release.xcconfig */,
			);
			name = Pods;
			sourceTree = "<group>";
		};
/* End PBXGroup section */

/* Begin PBXNativeTarget section */
		4B3A34C81E58120F00C314A0 /* Juke Dev */ = {
			isa = PBXNativeTarget;
			buildConfigurationList = 4B3A34E01E58120F00C314A0 /* Build configuration list for PBXNativeTarget "Juke Dev" */;
			buildPhases = (
				1C84BB5E4D3C91E7D0B3498F /* [CP] Check Pods Manifest.lock */,
				4B3A34C51E58120F00C314A0 /* Sources */,
				4B3A34C61E58120F00C314A0 /* Frameworks */,
				4B3A34C71E58120F00C314A0 /* Resources */,
				CC88373AA3F209863ABDC536 /* [CP] Embed Pods Frameworks */,
				34A7314F190E8126F182500E /* [CP] Copy Pods Resources */,
				F26D78C91F69115200805B33 /* ShellScript */,
			);
			buildRules = (
			);
			dependencies = (
			);
			name = "Juke Dev";
			productName = Juke;
			productReference = 4B3A34C91E58120F00C314A0 /* Juke Dev.app */;
			productType = "com.apple.product-type.application";
		};
		4B5783B01F9035B80072C204 /* Juke Production */ = {
			isa = PBXNativeTarget;
			buildConfigurationList = 4B5783F11F9035B80072C204 /* Build configuration list for PBXNativeTarget "Juke Production" */;
			buildPhases = (
				4B5783B11F9035B80072C204 /* [CP] Check Pods Manifest.lock */,
				4B5783B21F9035B80072C204 /* Sources */,
				4B5783DF1F9035B80072C204 /* Frameworks */,
				4B5783E81F9035B80072C204 /* Resources */,
				4B5783EE1F9035B80072C204 /* [CP] Embed Pods Frameworks */,
				4B5783EF1F9035B80072C204 /* [CP] Copy Pods Resources */,
				4B5783F01F9035B80072C204 /* ShellScript */,
			);
			buildRules = (
			);
			dependencies = (
			);
			name = "Juke Production";
			productName = Juke;
			productReference = 4B5783F41F9035B80072C204 /* Juke Production.app */;
			productType = "com.apple.product-type.application";
		};
/* End PBXNativeTarget section */

/* Begin PBXProject section */
		4B3A34C11E58120E00C314A0 /* Project object */ = {
			isa = PBXProject;
			attributes = {
				LastSwiftUpdateCheck = 0800;
				LastUpgradeCheck = 0910;
				ORGANIZATIONNAME = csmith;
				TargetAttributes = {
					4B3A34C81E58120F00C314A0 = {
						CreatedOnToolsVersion = 8.0;
						DevelopmentTeam = 2746PGXGF5;
						LastSwiftMigration = 0800;
						ProvisioningStyle = Automatic;
						SystemCapabilities = {
							com.apple.Push = {
								enabled = 1;
							};
						};
					};
					4B5783B01F9035B80072C204 = {
						DevelopmentTeam = UL2WBS3TV4;
						ProvisioningStyle = Automatic;
						SystemCapabilities = {
							com.apple.Push = {
								enabled = 1;
							};
						};
					};
				};
			};
			buildConfigurationList = 4B3A34C41E58120E00C314A0 /* Build configuration list for PBXProject "Juke" */;
			compatibilityVersion = "Xcode 3.2";
			developmentRegion = English;
			hasScannedForEncodings = 0;
			knownRegions = (
				en,
				Base,
			);
			mainGroup = 4B3A34C01E58120E00C314A0;
			productRefGroup = 4B3A34CA1E58120F00C314A0 /* Products */;
			projectDirPath = "";
			projectRoot = "";
			targets = (
				4B3A34C81E58120F00C314A0 /* Juke Dev */,
				4B5783B01F9035B80072C204 /* Juke Production */,
			);
		};
/* End PBXProject section */

/* Begin PBXResourcesBuildPhase section */
		4B3A34C71E58120F00C314A0 /* Resources */ = {
			isa = PBXResourcesBuildPhase;
			buildActionMask = 2147483647;
			files = (
				4B48FDE11F5DCEC700E87507 /* MenuCell.xib in Resources */,
				4B0DDE131F79BD7C009307D5 /* NameStreamViewController.xib in Resources */,
				4B73AB7E1F69022B008DF5A2 /* Assets.xcassets in Resources */,
				4B3A34D71E58120F00C314A0 /* Main.storyboard in Resources */,
				4BDFF1D01F92AD1100A68D9A /* Dev_GoogleService-Info.plist in Resources */,
			);
			runOnlyForDeploymentPostprocessing = 0;
		};
		4B5783E81F9035B80072C204 /* Resources */ = {
			isa = PBXResourcesBuildPhase;
			buildActionMask = 2147483647;
			files = (
				4B5783E91F9035B80072C204 /* MenuCell.xib in Resources */,
				4BE100511F9042E0001B81C6 /* Production_GoogleService-Info.plist in Resources */,
				4B5783EA1F9035B80072C204 /* NameStreamViewController.xib in Resources */,
				4B5783EB1F9035B80072C204 /* Assets.xcassets in Resources */,
				4B5783EC1F9035B80072C204 /* Main.storyboard in Resources */,
			);
			runOnlyForDeploymentPostprocessing = 0;
		};
/* End PBXResourcesBuildPhase section */

/* Begin PBXShellScriptBuildPhase section */
		1C84BB5E4D3C91E7D0B3498F /* [CP] Check Pods Manifest.lock */ = {
			isa = PBXShellScriptBuildPhase;
			buildActionMask = 2147483647;
			files = (
			);
			inputPaths = (
				"${PODS_PODFILE_DIR_PATH}/Podfile.lock",
				"${PODS_ROOT}/Manifest.lock",
			);
			name = "[CP] Check Pods Manifest.lock";
			outputPaths = (
				"$(DERIVED_FILE_DIR)/Pods-Juke Dev-checkManifestLockResult.txt",
			);
			runOnlyForDeploymentPostprocessing = 0;
			shellPath = /bin/sh;
			shellScript = "diff \"${PODS_PODFILE_DIR_PATH}/Podfile.lock\" \"${PODS_ROOT}/Manifest.lock\" > /dev/null\nif [ $? != 0 ] ; then\n    # print error to STDERR\n    echo \"error: The sandbox is not in sync with the Podfile.lock. Run 'pod install' or update your CocoaPods installation.\" >&2\n    exit 1\nfi\n# This output is used by Xcode 'outputs' to avoid re-running this script phase.\necho \"SUCCESS\" > \"${SCRIPT_OUTPUT_FILE_0}\"\n";
			showEnvVarsInLog = 0;
		};
		34A7314F190E8126F182500E /* [CP] Copy Pods Resources */ = {
			isa = PBXShellScriptBuildPhase;
			buildActionMask = 2147483647;
			files = (
			);
			inputPaths = (
			);
			name = "[CP] Copy Pods Resources";
			outputPaths = (
			);
			runOnlyForDeploymentPostprocessing = 0;
			shellPath = /bin/sh;
			shellScript = "\"${SRCROOT}/Pods/Target Support Files/Pods-Juke Dev/Pods-Juke Dev-resources.sh\"\n";
			showEnvVarsInLog = 0;
		};
		4B5783B11F9035B80072C204 /* [CP] Check Pods Manifest.lock */ = {
			isa = PBXShellScriptBuildPhase;
			buildActionMask = 2147483647;
			files = (
			);
			inputPaths = (
				"${PODS_PODFILE_DIR_PATH}/Podfile.lock",
				"${PODS_ROOT}/Manifest.lock",
			);
			name = "[CP] Check Pods Manifest.lock";
			outputPaths = (
				"$(DERIVED_FILE_DIR)/Pods-Juke Production-checkManifestLockResult.txt",
			);
			runOnlyForDeploymentPostprocessing = 0;
			shellPath = /bin/sh;
			shellScript = "diff \"${PODS_PODFILE_DIR_PATH}/Podfile.lock\" \"${PODS_ROOT}/Manifest.lock\" > /dev/null\nif [ $? != 0 ] ; then\n    # print error to STDERR\n    echo \"error: The sandbox is not in sync with the Podfile.lock. Run 'pod install' or update your CocoaPods installation.\" >&2\n    exit 1\nfi\n# This output is used by Xcode 'outputs' to avoid re-running this script phase.\necho \"SUCCESS\" > \"${SCRIPT_OUTPUT_FILE_0}\"\n";
			showEnvVarsInLog = 0;
		};
		4B5783EE1F9035B80072C204 /* [CP] Embed Pods Frameworks */ = {
			isa = PBXShellScriptBuildPhase;
			buildActionMask = 2147483647;
			files = (
			);
			inputPaths = (
				"${SRCROOT}/Pods/Target Support Files/Pods-Juke Production/Pods-Juke Production-frameworks.sh",
				"${BUILT_PRODUCTS_DIR}/Alamofire/Alamofire.framework",
				"${BUILT_PRODUCTS_DIR}/AlamofireImage/AlamofireImage.framework",
				"${BUILT_PRODUCTS_DIR}/ChameleonFramework/ChameleonFramework.framework",
				"${BUILT_PRODUCTS_DIR}/ESTMusicIndicator/ESTMusicIndicator.framework",
				"${BUILT_PRODUCTS_DIR}/GTMSessionFetcher/GTMSessionFetcher.framework",
				"${BUILT_PRODUCTS_DIR}/GoogleToolboxForMac/GoogleToolboxForMac.framework",
				"${BUILT_PRODUCTS_DIR}/PKHUD/PKHUD.framework",
				"${BUILT_PRODUCTS_DIR}/Presentr/Presentr.framework",
				"${BUILT_PRODUCTS_DIR}/Protobuf/Protobuf.framework",
				"${BUILT_PRODUCTS_DIR}/SCLAlertView/SCLAlertView.framework",
				"${BUILT_PRODUCTS_DIR}/SkyFloatingLabelTextField/SkyFloatingLabelTextField.framework",
				"${BUILT_PRODUCTS_DIR}/Unbox/Unbox.framework",
				"${BUILT_PRODUCTS_DIR}/Whisper/Whisper.framework",
				"${BUILT_PRODUCTS_DIR}/XLActionController/XLActionController.framework",
				"${BUILT_PRODUCTS_DIR}/XLPagerTabStrip/XLPagerTabStrip.framework",
				"${BUILT_PRODUCTS_DIR}/leveldb-library/leveldb.framework",
				"${BUILT_PRODUCTS_DIR}/nanopb/nanopb.framework",
			);
			name = "[CP] Embed Pods Frameworks";
			outputPaths = (
				"${TARGET_BUILD_DIR}/${FRAMEWORKS_FOLDER_PATH}/Alamofire.framework",
				"${TARGET_BUILD_DIR}/${FRAMEWORKS_FOLDER_PATH}/AlamofireImage.framework",
				"${TARGET_BUILD_DIR}/${FRAMEWORKS_FOLDER_PATH}/ChameleonFramework.framework",
				"${TARGET_BUILD_DIR}/${FRAMEWORKS_FOLDER_PATH}/ESTMusicIndicator.framework",
				"${TARGET_BUILD_DIR}/${FRAMEWORKS_FOLDER_PATH}/GTMSessionFetcher.framework",
				"${TARGET_BUILD_DIR}/${FRAMEWORKS_FOLDER_PATH}/GoogleToolboxForMac.framework",
				"${TARGET_BUILD_DIR}/${FRAMEWORKS_FOLDER_PATH}/PKHUD.framework",
				"${TARGET_BUILD_DIR}/${FRAMEWORKS_FOLDER_PATH}/Presentr.framework",
				"${TARGET_BUILD_DIR}/${FRAMEWORKS_FOLDER_PATH}/Protobuf.framework",
				"${TARGET_BUILD_DIR}/${FRAMEWORKS_FOLDER_PATH}/SCLAlertView.framework",
				"${TARGET_BUILD_DIR}/${FRAMEWORKS_FOLDER_PATH}/SkyFloatingLabelTextField.framework",
				"${TARGET_BUILD_DIR}/${FRAMEWORKS_FOLDER_PATH}/Unbox.framework",
				"${TARGET_BUILD_DIR}/${FRAMEWORKS_FOLDER_PATH}/Whisper.framework",
				"${TARGET_BUILD_DIR}/${FRAMEWORKS_FOLDER_PATH}/XLActionController.framework",
				"${TARGET_BUILD_DIR}/${FRAMEWORKS_FOLDER_PATH}/XLPagerTabStrip.framework",
				"${TARGET_BUILD_DIR}/${FRAMEWORKS_FOLDER_PATH}/leveldb.framework",
				"${TARGET_BUILD_DIR}/${FRAMEWORKS_FOLDER_PATH}/nanopb.framework",
			);
			runOnlyForDeploymentPostprocessing = 0;
			shellPath = /bin/sh;
			shellScript = "\"${SRCROOT}/Pods/Target Support Files/Pods-Juke Production/Pods-Juke Production-frameworks.sh\"\n";
			showEnvVarsInLog = 0;
		};
		4B5783EF1F9035B80072C204 /* [CP] Copy Pods Resources */ = {
			isa = PBXShellScriptBuildPhase;
			buildActionMask = 2147483647;
			files = (
			);
			inputPaths = (
			);
			name = "[CP] Copy Pods Resources";
			outputPaths = (
			);
			runOnlyForDeploymentPostprocessing = 0;
			shellPath = /bin/sh;
			shellScript = "\"${SRCROOT}/Pods/Target Support Files/Pods-Juke Production/Pods-Juke Production-resources.sh\"\n";
			showEnvVarsInLog = 0;
		};
		4B5783F01F9035B80072C204 /* ShellScript */ = {
			isa = PBXShellScriptBuildPhase;
			buildActionMask = 2147483647;
			files = (
			);
			inputPaths = (
			);
			outputPaths = (
			);
			runOnlyForDeploymentPostprocessing = 0;
			shellPath = /bin/sh;
			shellScript = "\"${PODS_ROOT}/Fabric/run\" 39e3dc0e29d04626dd144ab01da9be3f217ce19c fa888c4c3b08ec79605550be0052a8f23f8a7c0a05751fdb4f35aa0b65ef75ab";
		};
		CC88373AA3F209863ABDC536 /* [CP] Embed Pods Frameworks */ = {
			isa = PBXShellScriptBuildPhase;
			buildActionMask = 2147483647;
			files = (
			);
			inputPaths = (
				"${SRCROOT}/Pods/Target Support Files/Pods-Juke Dev/Pods-Juke Dev-frameworks.sh",
				"${BUILT_PRODUCTS_DIR}/Alamofire/Alamofire.framework",
				"${BUILT_PRODUCTS_DIR}/AlamofireImage/AlamofireImage.framework",
				"${BUILT_PRODUCTS_DIR}/ChameleonFramework/ChameleonFramework.framework",
				"${BUILT_PRODUCTS_DIR}/ESTMusicIndicator/ESTMusicIndicator.framework",
				"${BUILT_PRODUCTS_DIR}/GTMSessionFetcher/GTMSessionFetcher.framework",
				"${BUILT_PRODUCTS_DIR}/GoogleToolboxForMac/GoogleToolboxForMac.framework",
				"${BUILT_PRODUCTS_DIR}/PKHUD/PKHUD.framework",
				"${BUILT_PRODUCTS_DIR}/Presentr/Presentr.framework",
				"${BUILT_PRODUCTS_DIR}/Protobuf/Protobuf.framework",
				"${BUILT_PRODUCTS_DIR}/SCLAlertView/SCLAlertView.framework",
				"${BUILT_PRODUCTS_DIR}/SkyFloatingLabelTextField/SkyFloatingLabelTextField.framework",
				"${BUILT_PRODUCTS_DIR}/Unbox/Unbox.framework",
				"${BUILT_PRODUCTS_DIR}/Whisper/Whisper.framework",
				"${BUILT_PRODUCTS_DIR}/XLActionController/XLActionController.framework",
				"${BUILT_PRODUCTS_DIR}/XLPagerTabStrip/XLPagerTabStrip.framework",
				"${BUILT_PRODUCTS_DIR}/leveldb-library/leveldb.framework",
				"${BUILT_PRODUCTS_DIR}/nanopb/nanopb.framework",
			);
			name = "[CP] Embed Pods Frameworks";
			outputPaths = (
				"${TARGET_BUILD_DIR}/${FRAMEWORKS_FOLDER_PATH}/Alamofire.framework",
				"${TARGET_BUILD_DIR}/${FRAMEWORKS_FOLDER_PATH}/AlamofireImage.framework",
				"${TARGET_BUILD_DIR}/${FRAMEWORKS_FOLDER_PATH}/ChameleonFramework.framework",
				"${TARGET_BUILD_DIR}/${FRAMEWORKS_FOLDER_PATH}/ESTMusicIndicator.framework",
				"${TARGET_BUILD_DIR}/${FRAMEWORKS_FOLDER_PATH}/GTMSessionFetcher.framework",
				"${TARGET_BUILD_DIR}/${FRAMEWORKS_FOLDER_PATH}/GoogleToolboxForMac.framework",
				"${TARGET_BUILD_DIR}/${FRAMEWORKS_FOLDER_PATH}/PKHUD.framework",
				"${TARGET_BUILD_DIR}/${FRAMEWORKS_FOLDER_PATH}/Presentr.framework",
				"${TARGET_BUILD_DIR}/${FRAMEWORKS_FOLDER_PATH}/Protobuf.framework",
				"${TARGET_BUILD_DIR}/${FRAMEWORKS_FOLDER_PATH}/SCLAlertView.framework",
				"${TARGET_BUILD_DIR}/${FRAMEWORKS_FOLDER_PATH}/SkyFloatingLabelTextField.framework",
				"${TARGET_BUILD_DIR}/${FRAMEWORKS_FOLDER_PATH}/Unbox.framework",
				"${TARGET_BUILD_DIR}/${FRAMEWORKS_FOLDER_PATH}/Whisper.framework",
				"${TARGET_BUILD_DIR}/${FRAMEWORKS_FOLDER_PATH}/XLActionController.framework",
				"${TARGET_BUILD_DIR}/${FRAMEWORKS_FOLDER_PATH}/XLPagerTabStrip.framework",
				"${TARGET_BUILD_DIR}/${FRAMEWORKS_FOLDER_PATH}/leveldb.framework",
				"${TARGET_BUILD_DIR}/${FRAMEWORKS_FOLDER_PATH}/nanopb.framework",
			);
			runOnlyForDeploymentPostprocessing = 0;
			shellPath = /bin/sh;
			shellScript = "\"${SRCROOT}/Pods/Target Support Files/Pods-Juke Dev/Pods-Juke Dev-frameworks.sh\"\n";
			showEnvVarsInLog = 0;
		};
		F26D78C91F69115200805B33 /* ShellScript */ = {
			isa = PBXShellScriptBuildPhase;
			buildActionMask = 2147483647;
			files = (
			);
			inputPaths = (
			);
			outputPaths = (
			);
			runOnlyForDeploymentPostprocessing = 0;
			shellPath = /bin/sh;
			shellScript = "\"${PODS_ROOT}/Fabric/run\" 39e3dc0e29d04626dd144ab01da9be3f217ce19c fa888c4c3b08ec79605550be0052a8f23f8a7c0a05751fdb4f35aa0b65ef75ab";
		};
/* End PBXShellScriptBuildPhase section */

/* Begin PBXSourcesBuildPhase section */
		4B3A34C51E58120F00C314A0 /* Sources */ = {
			isa = PBXSourcesBuildPhase;
			buildActionMask = 2147483647;
			files = (
				4B0532391F684FD600ADA988 /* SpotifySearchTableViewController.swift in Sources */,
				4B13DE4C1E8AFA970060D29A /* StreamCell.swift in Sources */,
				4B8CD0F81F51FF47005C61D1 /* UserCell.swift in Sources */,
				4B0DDE1F1F7B1844009307D5 /* MyPlaylistsTableViewController.swift in Sources */,
				4BCFA02A1F70516E00E49516 /* StarredUsersDataSource.swift in Sources */,
				4B336A671E8B54A0003CEDBB /* Models.swift in Sources */,
				4BDCEC061E720D0B00D9D3EE /* Constants.swift in Sources */,
				4B3A34D01E58120F00C314A0 /* Juke.xcdatamodeld in Sources */,
				4B0490E91E734614003F49DF /* SongTableViewCell.swift in Sources */,
				4BCFA02E1F70518900E49516 /* SongQueueDataSource.swift in Sources */,
				4BCFA0251F6DC75F00E49516 /* EmptyStreamViewController.swift in Sources */,
				4B48FDE31F5DCF7900E87507 /* ActionData.swift in Sources */,
				4B0DDE1B1F7B04BA009307D5 /* MySongsTableViewController.swift in Sources */,
				4B4920C01F5722440089C61F /* SpotifyLoginController.swift in Sources */,
				4B0DDE251F7B1D71009307D5 /* PlaylistTableViewController.swift in Sources */,
				4B0DDE191F7A292C009307D5 /* SongKeeper.swift in Sources */,
				4BCFA02C1F70517900E49516 /* UsersDataSource.swift in Sources */,
				4B13DE4E1E8AFB850060D29A /* StreamsTableViewController.swift in Sources */,
				F25133C01F6E7C8F002745C7 /* StarredTableViewController.swift in Sources */,
				4B0DDE231F7B18B5009307D5 /* PlaylistTableViewCell.swift in Sources */,
				4BCFA0231F6DBAA600E49516 /* MembersTableViewController.swift in Sources */,
				4BCFA0281F70515D00E49516 /* StreamsDataSource.swift in Sources */,
				4BCFA0301F70532700E49516 /* StarredUserCell.swift in Sources */,
				4BB2B37A1F7F1DE400DDB6F5 /* LockScreenDelegate.swift in Sources */,
				4BA7CB701E8ED007003E3DC8 /* MyStreamController.swift in Sources */,
				4B48FDDD1F5DCCE400E87507 /* MenuActionController.swift in Sources */,
				4B7C1EA11F484DF00064F1C3 /* FirebaseAPI.swift in Sources */,
				F2242EB61F730416000BE18A /* StarredStreamsViewController.swift in Sources */,
				4B62A2D81F69D05B00864EFF /* MyStreamRootViewController.swift in Sources */,
				F2E815581E90BBBC00404DDF /* LoginViewController.swift in Sources */,
				4BCFA0331F71B71C00E49516 /* SessionManager.swift in Sources */,
				4B0DDE151F79C649009307D5 /* ImageCache.swift in Sources */,
				4B04E4591F55682C001605E2 /* CustomDataSource.swift in Sources */,
				4B48FDE71F6108E700E87507 /* GradientView.swift in Sources */,
				F2B98C051F71B6A400BDECEC /* StarredStreamsDataSource.swift in Sources */,
				F2B98C121F724C1700BDECEC /* StreamsPager.swift in Sources */,
				4B3A34CD1E58120F00C314A0 /* AppDelegate.swift in Sources */,
				4BDCEBA81E709F7F00D9D3EE /* JamsPlayer.swift in Sources */,
				4B0DDE1D1F7B164B009307D5 /* MyLibraryPager.swift in Sources */,
				F2DB0B371EA14BA200A13E30 /* SearchCell.swift in Sources */,
				F2E10C131F64EFE900E6723F /* UsersTableViewController.swift in Sources */,
				4BA9B3F51E91B043003D352E /* Current.swift in Sources */,
				4B0DDE111F7971DD009307D5 /* NameStreamViewController.swift in Sources */,
			);
			runOnlyForDeploymentPostprocessing = 0;
		};
		4B5783B21F9035B80072C204 /* Sources */ = {
			isa = PBXSourcesBuildPhase;
			buildActionMask = 2147483647;
			files = (
				4B5783B31F9035B80072C204 /* SpotifySearchTableViewController.swift in Sources */,
				4B5783B41F9035B80072C204 /* StreamCell.swift in Sources */,
				4B5783B51F9035B80072C204 /* UserCell.swift in Sources */,
				4B5783B61F9035B80072C204 /* MyPlaylistsTableViewController.swift in Sources */,
				4B5783B71F9035B80072C204 /* StarredUsersDataSource.swift in Sources */,
				4B5783B81F9035B80072C204 /* Models.swift in Sources */,
				4B5783B91F9035B80072C204 /* Constants.swift in Sources */,
				4B5783BA1F9035B80072C204 /* Juke.xcdatamodeld in Sources */,
				4B5783BB1F9035B80072C204 /* SongTableViewCell.swift in Sources */,
				4B5783BC1F9035B80072C204 /* SongQueueDataSource.swift in Sources */,
				4B5783BD1F9035B80072C204 /* EmptyStreamViewController.swift in Sources */,
				4B5783BE1F9035B80072C204 /* ActionData.swift in Sources */,
				4B5783BF1F9035B80072C204 /* MySongsTableViewController.swift in Sources */,
				4B5783C01F9035B80072C204 /* SpotifyLoginController.swift in Sources */,
				4B5783C11F9035B80072C204 /* PlaylistTableViewController.swift in Sources */,
				4B5783C21F9035B80072C204 /* SongKeeper.swift in Sources */,
				4B5783C31F9035B80072C204 /* UsersDataSource.swift in Sources */,
				4B5783C41F9035B80072C204 /* StreamsTableViewController.swift in Sources */,
				4B5783C51F9035B80072C204 /* StarredTableViewController.swift in Sources */,
				4B5783C61F9035B80072C204 /* PlaylistTableViewCell.swift in Sources */,
				4B5783C81F9035B80072C204 /* MembersTableViewController.swift in Sources */,
				4B5783C91F9035B80072C204 /* StreamsDataSource.swift in Sources */,
				4B5783CA1F9035B80072C204 /* StarredUserCell.swift in Sources */,
				4B5783CB1F9035B80072C204 /* LockScreenDelegate.swift in Sources */,
				4B5783CC1F9035B80072C204 /* MyStreamController.swift in Sources */,
				4B5783CD1F9035B80072C204 /* MenuActionController.swift in Sources */,
				4B5783CE1F9035B80072C204 /* FirebaseAPI.swift in Sources */,
				4B5783CF1F9035B80072C204 /* StarredStreamsViewController.swift in Sources */,
				4B5783D01F9035B80072C204 /* MyStreamRootViewController.swift in Sources */,
				4B5783D11F9035B80072C204 /* LoginViewController.swift in Sources */,
				4B5783D21F9035B80072C204 /* SessionManager.swift in Sources */,
				4B5783D31F9035B80072C204 /* ImageCache.swift in Sources */,
				4B5783D41F9035B80072C204 /* CustomDataSource.swift in Sources */,
				4B5783D51F9035B80072C204 /* GradientView.swift in Sources */,
				4B5783D61F9035B80072C204 /* StarredStreamsDataSource.swift in Sources */,
				4B5783D71F9035B80072C204 /* StreamsPager.swift in Sources */,
				4B5783D81F9035B80072C204 /* AppDelegate.swift in Sources */,
				4B5783D91F9035B80072C204 /* JamsPlayer.swift in Sources */,
				4B5783DA1F9035B80072C204 /* MyLibraryPager.swift in Sources */,
				4B5783DB1F9035B80072C204 /* SearchCell.swift in Sources */,
				4B5783DC1F9035B80072C204 /* UsersTableViewController.swift in Sources */,
				4B5783DD1F9035B80072C204 /* Current.swift in Sources */,
				4B5783DE1F9035B80072C204 /* NameStreamViewController.swift in Sources */,
			);
			runOnlyForDeploymentPostprocessing = 0;
		};
/* End PBXSourcesBuildPhase section */

/* Begin PBXVariantGroup section */
		4B3A34D51E58120F00C314A0 /* Main.storyboard */ = {
			isa = PBXVariantGroup;
			children = (
				4B3A34D61E58120F00C314A0 /* Base */,
			);
			name = Main.storyboard;
			path = .;
			sourceTree = "<group>";
		};
/* End PBXVariantGroup section */

/* Begin XCBuildConfiguration section */
		4B3A34DE1E58120F00C314A0 /* Debug */ = {
			isa = XCBuildConfiguration;
			buildSettings = {
				ALWAYS_SEARCH_USER_PATHS = NO;
				CLANG_ANALYZER_NONNULL = YES;
				CLANG_CXX_LANGUAGE_STANDARD = "gnu++0x";
				CLANG_CXX_LIBRARY = "libc++";
				CLANG_ENABLE_MODULES = YES;
				CLANG_ENABLE_OBJC_ARC = YES;
				CLANG_WARN_BLOCK_CAPTURE_AUTORELEASING = YES;
				CLANG_WARN_BOOL_CONVERSION = YES;
				CLANG_WARN_COMMA = YES;
				CLANG_WARN_CONSTANT_CONVERSION = YES;
				CLANG_WARN_DIRECT_OBJC_ISA_USAGE = YES_ERROR;
				CLANG_WARN_DOCUMENTATION_COMMENTS = YES;
				CLANG_WARN_EMPTY_BODY = YES;
				CLANG_WARN_ENUM_CONVERSION = YES;
				CLANG_WARN_INFINITE_RECURSION = YES;
				CLANG_WARN_INT_CONVERSION = YES;
				CLANG_WARN_NON_LITERAL_NULL_CONVERSION = YES;
				CLANG_WARN_OBJC_LITERAL_CONVERSION = YES;
				CLANG_WARN_OBJC_ROOT_CLASS = YES_ERROR;
				CLANG_WARN_RANGE_LOOP_ANALYSIS = YES;
				CLANG_WARN_STRICT_PROTOTYPES = YES;
				CLANG_WARN_SUSPICIOUS_MOVE = YES;
				CLANG_WARN_SUSPICIOUS_MOVES = YES;
				CLANG_WARN_UNREACHABLE_CODE = YES;
				CLANG_WARN__DUPLICATE_METHOD_MATCH = YES;
				"CODE_SIGN_IDENTITY[sdk=iphoneos*]" = "iPhone Developer";
				COPY_PHASE_STRIP = NO;
				DEBUG_INFORMATION_FORMAT = dwarf;
				ENABLE_STRICT_OBJC_MSGSEND = YES;
				ENABLE_TESTABILITY = YES;
				GCC_C_LANGUAGE_STANDARD = gnu99;
				GCC_DYNAMIC_NO_PIC = NO;
				GCC_NO_COMMON_BLOCKS = YES;
				GCC_OPTIMIZATION_LEVEL = 0;
				GCC_PREPROCESSOR_DEFINITIONS = (
					"DEBUG=1",
					"$(inherited)",
				);
				GCC_WARN_64_TO_32_BIT_CONVERSION = YES;
				GCC_WARN_ABOUT_RETURN_TYPE = YES_ERROR;
				GCC_WARN_UNDECLARED_SELECTOR = YES;
				GCC_WARN_UNINITIALIZED_AUTOS = YES_AGGRESSIVE;
				GCC_WARN_UNUSED_FUNCTION = YES;
				GCC_WARN_UNUSED_VARIABLE = YES;
				IPHONEOS_DEPLOYMENT_TARGET = 10.0;
				MTL_ENABLE_DEBUG_INFO = YES;
				ONLY_ACTIVE_ARCH = YES;
				SDKROOT = iphoneos;
				SWIFT_ACTIVE_COMPILATION_CONDITIONS = DEBUG;
				SWIFT_OPTIMIZATION_LEVEL = "-Onone";
				TARGETED_DEVICE_FAMILY = "1,2";
			};
			name = Debug;
		};
		4B3A34DF1E58120F00C314A0 /* Release */ = {
			isa = XCBuildConfiguration;
			buildSettings = {
				ALWAYS_SEARCH_USER_PATHS = NO;
				CLANG_ANALYZER_NONNULL = YES;
				CLANG_CXX_LANGUAGE_STANDARD = "gnu++0x";
				CLANG_CXX_LIBRARY = "libc++";
				CLANG_ENABLE_MODULES = YES;
				CLANG_ENABLE_OBJC_ARC = YES;
				CLANG_WARN_BLOCK_CAPTURE_AUTORELEASING = YES;
				CLANG_WARN_BOOL_CONVERSION = YES;
				CLANG_WARN_COMMA = YES;
				CLANG_WARN_CONSTANT_CONVERSION = YES;
				CLANG_WARN_DIRECT_OBJC_ISA_USAGE = YES_ERROR;
				CLANG_WARN_DOCUMENTATION_COMMENTS = YES;
				CLANG_WARN_EMPTY_BODY = YES;
				CLANG_WARN_ENUM_CONVERSION = YES;
				CLANG_WARN_INFINITE_RECURSION = YES;
				CLANG_WARN_INT_CONVERSION = YES;
				CLANG_WARN_NON_LITERAL_NULL_CONVERSION = YES;
				CLANG_WARN_OBJC_LITERAL_CONVERSION = YES;
				CLANG_WARN_OBJC_ROOT_CLASS = YES_ERROR;
				CLANG_WARN_RANGE_LOOP_ANALYSIS = YES;
				CLANG_WARN_STRICT_PROTOTYPES = YES;
				CLANG_WARN_SUSPICIOUS_MOVE = YES;
				CLANG_WARN_SUSPICIOUS_MOVES = YES;
				CLANG_WARN_UNREACHABLE_CODE = YES;
				CLANG_WARN__DUPLICATE_METHOD_MATCH = YES;
				"CODE_SIGN_IDENTITY[sdk=iphoneos*]" = "iPhone Developer";
				COPY_PHASE_STRIP = NO;
				DEBUG_INFORMATION_FORMAT = "dwarf-with-dsym";
				ENABLE_NS_ASSERTIONS = NO;
				ENABLE_STRICT_OBJC_MSGSEND = YES;
				GCC_C_LANGUAGE_STANDARD = gnu99;
				GCC_NO_COMMON_BLOCKS = YES;
				GCC_WARN_64_TO_32_BIT_CONVERSION = YES;
				GCC_WARN_ABOUT_RETURN_TYPE = YES_ERROR;
				GCC_WARN_UNDECLARED_SELECTOR = YES;
				GCC_WARN_UNINITIALIZED_AUTOS = YES_AGGRESSIVE;
				GCC_WARN_UNUSED_FUNCTION = YES;
				GCC_WARN_UNUSED_VARIABLE = YES;
				IPHONEOS_DEPLOYMENT_TARGET = 10.0;
				MTL_ENABLE_DEBUG_INFO = NO;
				SDKROOT = iphoneos;
				SWIFT_OPTIMIZATION_LEVEL = "-Owholemodule";
				TARGETED_DEVICE_FAMILY = "1,2";
				VALIDATE_PRODUCT = YES;
			};
			name = Release;
		};
		4B3A34E11E58120F00C314A0 /* Debug */ = {
			isa = XCBuildConfiguration;
			baseConfigurationReference = 2361772256898FAEC68881A3 /* Pods-Juke Dev.debug.xcconfig */;
			buildSettings = {
				ASSETCATALOG_COMPILER_APPICON_NAME = AppIcon;
				CLANG_ENABLE_MODULES = YES;
				CODE_SIGN_ENTITLEMENTS = "Juke Dev.entitlements";
				CODE_SIGN_IDENTITY = "iPhone Developer";
				"CODE_SIGN_IDENTITY[sdk=iphoneos*]" = "iPhone Developer";
				DEVELOPMENT_TEAM = 2746PGXGF5;
				FRAMEWORK_SEARCH_PATHS = (
					"$(inherited)",
					"$(PROJECT_DIR)",
				);
				GCC_PREPROCESSOR_DEFINITIONS = (
					"$(inherited)",
					"COCOAPODS=1",
					"$(inherited)",
					"GPB_USE_PROTOBUF_FRAMEWORK_IMPORTS=1",
					"$(inherited)",
					"PB_FIELD_32BIT=1",
					"PB_NO_PACKED_STRUCTS=1",
					"PRODUCTION=0",
					"DEVELOPMENT=1",
				);
				INCLUDED_RECURSIVE_SEARCH_PATH_SUBDIRECTORIES = "";
				INFOPLIST_FILE = "Juke/Static/Juke Dev Info.plist";
				IPHONEOS_DEPLOYMENT_TARGET = 10.0;
				LD_RUNPATH_SEARCH_PATHS = "$(inherited) @executable_path/Frameworks";
				OTHER_LDFLAGS = (
					"-ObjC",
					"$(inherited)",
				);
				OTHER_SWIFT_FLAGS = "$(inherited) \"-D\" \"COCOAPODS\" -DDEVELOPMENT";
				PRODUCT_BUNDLE_IDENTIFIER = jukedev;
				PRODUCT_NAME = "$(TARGET_NAME)";
				PROVISIONING_PROFILE = "";
				PROVISIONING_PROFILE_SPECIFIER = "";
				SWIFT_OBJC_BRIDGING_HEADER = "Juke/Static/Juke-Bridging-Header.h";
				SWIFT_OPTIMIZATION_LEVEL = "-Onone";
				SWIFT_VERSION = 3.0;
				TARGETED_DEVICE_FAMILY = 1;
			};
			name = Debug;
		};
		4B3A34E21E58120F00C314A0 /* Release */ = {
			isa = XCBuildConfiguration;
			baseConfigurationReference = 67767AD38D69F17FCA7EC584 /* Pods-Juke Dev.release.xcconfig */;
			buildSettings = {
				ASSETCATALOG_COMPILER_APPICON_NAME = AppIcon;
				CLANG_ENABLE_MODULES = YES;
				CODE_SIGN_ENTITLEMENTS = "Juke Dev.entitlements";
				CODE_SIGN_IDENTITY = "iPhone Developer";
				"CODE_SIGN_IDENTITY[sdk=iphoneos*]" = "iPhone Developer";
				DEVELOPMENT_TEAM = 2746PGXGF5;
				FRAMEWORK_SEARCH_PATHS = (
					"$(inherited)",
					"$(PROJECT_DIR)",
				);
				GCC_PREPROCESSOR_DEFINITIONS = (
					"$(inherited)",
					"COCOAPODS=1",
					"$(inherited)",
					"GPB_USE_PROTOBUF_FRAMEWORK_IMPORTS=1",
					"$(inherited)",
					"PB_FIELD_32BIT=1",
					"PB_NO_PACKED_STRUCTS=1",
					"PRODUCTION=0",
					"DEVELOPMENT=1",
				);
				INCLUDED_RECURSIVE_SEARCH_PATH_SUBDIRECTORIES = "";
				INFOPLIST_FILE = "Juke/Static/Juke Dev Info.plist";
				IPHONEOS_DEPLOYMENT_TARGET = 10.0;
				LD_RUNPATH_SEARCH_PATHS = "$(inherited) @executable_path/Frameworks";
				OTHER_LDFLAGS = (
					"-ObjC",
					"$(inherited)",
				);
				OTHER_SWIFT_FLAGS = "$(inherited) \"-D\" \"COCOAPODS\" -DDEVELOPMENT";
				PRODUCT_BUNDLE_IDENTIFIER = jukedev;
				PRODUCT_NAME = "$(TARGET_NAME)";
				PROVISIONING_PROFILE = "";
				PROVISIONING_PROFILE_SPECIFIER = "";
				SWIFT_OBJC_BRIDGING_HEADER = "Juke/Static/Juke-Bridging-Header.h";
				SWIFT_VERSION = 3.0;
				TARGETED_DEVICE_FAMILY = 1;
			};
			name = Release;
		};
		4B5783F21F9035B80072C204 /* Debug */ = {
			isa = XCBuildConfiguration;
			baseConfigurationReference = 4CF5B62550425341DF3D4986 /* Pods-Juke Production.debug.xcconfig */;
			buildSettings = {
				ASSETCATALOG_COMPILER_APPICON_NAME = AppIcon;
				CLANG_ENABLE_MODULES = YES;
				CODE_SIGN_ENTITLEMENTS = "Juke Production.entitlements";
				CODE_SIGN_IDENTITY = "iPhone Developer";
				"CODE_SIGN_IDENTITY[sdk=iphoneos*]" = "iPhone Developer";
				CODE_SIGN_STYLE = Automatic;
				DEVELOPMENT_TEAM = UL2WBS3TV4;
				FRAMEWORK_SEARCH_PATHS = (
					"$(inherited)",
					"$(PROJECT_DIR)",
				);
				GCC_PREPROCESSOR_DEFINITIONS = (
					"$(inherited)",
					"COCOAPODS=1",
					"$(inherited)",
					"GPB_USE_PROTOBUF_FRAMEWORK_IMPORTS=1",
					"$(inherited)",
					"PB_FIELD_32BIT=1",
					"PB_NO_PACKED_STRUCTS=1",
					"DEVELOPMENT=0",
					"PRODUCTION=1",
				);
				INCLUDED_RECURSIVE_SEARCH_PATH_SUBDIRECTORIES = "";
				INFOPLIST_FILE = "Juke/Static/Juke Production Info.plist";
				IPHONEOS_DEPLOYMENT_TARGET = 10.0;
				LD_RUNPATH_SEARCH_PATHS = "$(inherited) @executable_path/Frameworks";
				OTHER_LDFLAGS = (
					"-ObjC",
					"$(inherited)",
				);
				OTHER_SWIFT_FLAGS = "$(inherited) \"-D\" \"COCOAPODS\"";
				PRODUCT_BUNDLE_IDENTIFIER = jukeproduction;
				PRODUCT_NAME = "$(TARGET_NAME)";
				PROVISIONING_PROFILE = "";
				PROVISIONING_PROFILE_SPECIFIER = "";
				SWIFT_OBJC_BRIDGING_HEADER = "Juke/Static/Juke-Bridging-Header.h";
				SWIFT_OPTIMIZATION_LEVEL = "-Onone";
				SWIFT_VERSION = 3.0;
				TARGETED_DEVICE_FAMILY = 1;
			};
			name = Debug;
		};
		4B5783F31F9035B80072C204 /* Release */ = {
			isa = XCBuildConfiguration;
			baseConfigurationReference = A53E89CB8DC74D8E8C77768C /* Pods-Juke Production.release.xcconfig */;
			buildSettings = {
				ASSETCATALOG_COMPILER_APPICON_NAME = AppIcon;
				CLANG_ENABLE_MODULES = YES;
				CODE_SIGN_ENTITLEMENTS = "Juke Production.entitlements";
				CODE_SIGN_IDENTITY = "iPhone Distribution";
				"CODE_SIGN_IDENTITY[sdk=iphoneos*]" = "iPhone Developer";
				CODE_SIGN_STYLE = Automatic;
				DEVELOPMENT_TEAM = UL2WBS3TV4;
				FRAMEWORK_SEARCH_PATHS = (
					"$(inherited)",
					"$(PROJECT_DIR)",
				);
				GCC_PREPROCESSOR_DEFINITIONS = (
					"$(inherited)",
					"COCOAPODS=1",
					"$(inherited)",
					"GPB_USE_PROTOBUF_FRAMEWORK_IMPORTS=1",
					"$(inherited)",
					"PB_FIELD_32BIT=1",
					"PB_NO_PACKED_STRUCTS=1",
					"PRODUCTION=1",
					"DEVELOPMENT=0",
				);
				INCLUDED_RECURSIVE_SEARCH_PATH_SUBDIRECTORIES = "";
				INFOPLIST_FILE = "Juke/Static/Juke Production Info.plist";
				IPHONEOS_DEPLOYMENT_TARGET = 10.0;
				LD_RUNPATH_SEARCH_PATHS = "$(inherited) @executable_path/Frameworks";
				OTHER_LDFLAGS = (
					"-ObjC",
					"$(inherited)",
				);
				OTHER_SWIFT_FLAGS = "$(inherited) \"-D\" \"COCOAPODS\"";
				PRODUCT_BUNDLE_IDENTIFIER = jukeproduction;
				PRODUCT_NAME = "$(TARGET_NAME)";
				PROVISIONING_PROFILE = "";
				PROVISIONING_PROFILE_SPECIFIER = "";
				SWIFT_OBJC_BRIDGING_HEADER = "Juke/Static/Juke-Bridging-Header.h";
				SWIFT_VERSION = 3.0;
				TARGETED_DEVICE_FAMILY = 1;
			};
			name = Release;
		};
/* End XCBuildConfiguration section */

/* Begin XCConfigurationList section */
		4B3A34C41E58120E00C314A0 /* Build configuration list for PBXProject "Juke" */ = {
			isa = XCConfigurationList;
			buildConfigurations = (
				4B3A34DE1E58120F00C314A0 /* Debug */,
				4B3A34DF1E58120F00C314A0 /* Release */,
			);
			defaultConfigurationIsVisible = 0;
			defaultConfigurationName = Release;
		};
		4B3A34E01E58120F00C314A0 /* Build configuration list for PBXNativeTarget "Juke Dev" */ = {
			isa = XCConfigurationList;
			buildConfigurations = (
				4B3A34E11E58120F00C314A0 /* Debug */,
				4B3A34E21E58120F00C314A0 /* Release */,
			);
			defaultConfigurationIsVisible = 0;
			defaultConfigurationName = Release;
		};
		4B5783F11F9035B80072C204 /* Build configuration list for PBXNativeTarget "Juke Production" */ = {
			isa = XCConfigurationList;
			buildConfigurations = (
				4B5783F21F9035B80072C204 /* Debug */,
				4B5783F31F9035B80072C204 /* Release */,
			);
			defaultConfigurationIsVisible = 0;
			defaultConfigurationName = Release;
		};
/* End XCConfigurationList section */

/* Begin XCVersionGroup section */
		4B3A34CE1E58120F00C314A0 /* Juke.xcdatamodeld */ = {
			isa = XCVersionGroup;
			children = (
				4B3A34CF1E58120F00C314A0 /* Juke.xcdatamodel */,
			);
			currentVersion = 4B3A34CF1E58120F00C314A0 /* Juke.xcdatamodel */;
			path = Juke.xcdatamodeld;
			sourceTree = "<group>";
			versionGroupType = wrapper.xcdatamodel;
		};
/* End XCVersionGroup section */
	};
	rootObject = 4B3A34C11E58120E00C314A0 /* Project object */;
}
