// !$*UTF8*$!
{
	archiveVersion = 1;
	classes = {
	};
	objectVersion = 46;
	objects = {

/* Begin PBXBuildFile section */
		4A4F167F5B62F339520F3BEB /* Pods_Juke.framework in Frameworks */ = {isa = PBXBuildFile; fileRef = D9D54D33C710A946C6515520 /* Pods_Juke.framework */; };
		4B0490E91E734614003F49DF /* SongTableViewCell.swift in Sources */ = {isa = PBXBuildFile; fileRef = 4B0490E81E734614003F49DF /* SongTableViewCell.swift */; };
		4B0FB5801E59A12C008D34FD /* CoreLocation.framework in Frameworks */ = {isa = PBXBuildFile; fileRef = 4B0FB57F1E59A12C008D34FD /* CoreLocation.framework */; };
		4B13DE4C1E8AFA970060D29A /* StreamCell.swift in Sources */ = {isa = PBXBuildFile; fileRef = 4B13DE4B1E8AFA970060D29A /* StreamCell.swift */; };
		4B13DE4E1E8AFB850060D29A /* StreamsTableViewController.swift in Sources */ = {isa = PBXBuildFile; fileRef = 4B13DE4D1E8AFB850060D29A /* StreamsTableViewController.swift */; };
		4B336A671E8B54A0003CEDBB /* Models.swift in Sources */ = {isa = PBXBuildFile; fileRef = 4B336A661E8B54A0003CEDBB /* Models.swift */; };
		4B3A34CD1E58120F00C314A0 /* AppDelegate.swift in Sources */ = {isa = PBXBuildFile; fileRef = 4B3A34CC1E58120F00C314A0 /* AppDelegate.swift */; };
		4B3A34D01E58120F00C314A0 /* Juke.xcdatamodeld in Sources */ = {isa = PBXBuildFile; fileRef = 4B3A34CE1E58120F00C314A0 /* Juke.xcdatamodeld */; };
		4B3A34D71E58120F00C314A0 /* Main.storyboard in Resources */ = {isa = PBXBuildFile; fileRef = 4B3A34D51E58120F00C314A0 /* Main.storyboard */; };
		4B3A34E51E581F1300C314A0 /* AVFoundation.framework in Frameworks */ = {isa = PBXBuildFile; fileRef = 4B3A34E41E581F1300C314A0 /* AVFoundation.framework */; };
		4B3A34E71E581F8F00C314A0 /* SystemConfiguration.framework in Frameworks */ = {isa = PBXBuildFile; fileRef = 4B3A34E61E581F8F00C314A0 /* SystemConfiguration.framework */; };
		4B3F95181F143BCA00CBEF79 /* Assets.xcassets in Resources */ = {isa = PBXBuildFile; fileRef = 4B3F95171F143BCA00CBEF79 /* Assets.xcassets */; };
		4B425D6B1E79FADF0040BC3D /* LocationManager.swift in Sources */ = {isa = PBXBuildFile; fileRef = 4B425D6A1E79FADF0040BC3D /* LocationManager.swift */; };
		4B467E7E1F043E19000EA03C /* FriendCollectionViewCell.swift in Sources */ = {isa = PBXBuildFile; fileRef = 4B467E7D1F043E19000EA03C /* FriendCollectionViewCell.swift */; };
		4B99E0511E790D150086394A /* SocketManager.swift in Sources */ = {isa = PBXBuildFile; fileRef = 4B99E0501E790D150086394A /* SocketManager.swift */; };
		4BA7CB701E8ED007003E3DC8 /* MyStreamController.swift in Sources */ = {isa = PBXBuildFile; fileRef = 4BA7CB6F1E8ED007003E3DC8 /* MyStreamController.swift */; };
		4BA9B3F51E91B043003D352E /* CurrentUser.swift in Sources */ = {isa = PBXBuildFile; fileRef = 4BA9B3F41E91B043003D352E /* CurrentUser.swift */; };
		4BDCEBA81E709F7F00D9D3EE /* JamsPlayer.swift in Sources */ = {isa = PBXBuildFile; fileRef = 4BDCEBA71E709F7F00D9D3EE /* JamsPlayer.swift */; };
		4BDCEC061E720D0B00D9D3EE /* ServerConstants.swift in Sources */ = {isa = PBXBuildFile; fileRef = 4BDCEC051E720D0B00D9D3EE /* ServerConstants.swift */; };
		4BF307B11E7797B9002CAE9E /* CardTableViewCell.swift in Sources */ = {isa = PBXBuildFile; fileRef = 4BF307B01E7797B9002CAE9E /* CardTableViewCell.swift */; };
		F2317CB41EB78FA8003ACBE7 /* entrybkgnd.mp4 in Resources */ = {isa = PBXBuildFile; fileRef = F2317CB31EB78FA8003ACBE7 /* entrybkgnd.mp4 */; };
		F250A6D51F4181A600816AAC /* GoogleService-Info.plist in Resources */ = {isa = PBXBuildFile; fileRef = F250A6D41F4181A600816AAC /* GoogleService-Info.plist */; };
		F26A65301EB194F100ADB14E /* SpotifyAudioPlayback.framework in Frameworks */ = {isa = PBXBuildFile; fileRef = F26A652D1EB194F100ADB14E /* SpotifyAudioPlayback.framework */; };
		F26A65311EB194F100ADB14E /* SpotifyAuthentication.framework in Frameworks */ = {isa = PBXBuildFile; fileRef = F26A652E1EB194F100ADB14E /* SpotifyAuthentication.framework */; };
		F26A65321EB194F100ADB14E /* SpotifyMetadata.framework in Frameworks */ = {isa = PBXBuildFile; fileRef = F26A652F1EB194F100ADB14E /* SpotifyMetadata.framework */; };
		F2DB0B331EA1145A00A13E30 /* SearchTableViewController.swift in Sources */ = {isa = PBXBuildFile; fileRef = F2DB0B321EA1145A00A13E30 /* SearchTableViewController.swift */; };
		F2DB0B371EA14BA200A13E30 /* SearchCell.swift in Sources */ = {isa = PBXBuildFile; fileRef = F2DB0B361EA14BA200A13E30 /* SearchCell.swift */; };
		F2E815581E90BBBC00404DDF /* LoginViewController.swift in Sources */ = {isa = PBXBuildFile; fileRef = F2E815571E90BBBC00404DDF /* LoginViewController.swift */; };
		F2F8B7E41EB18B0B000A438B /* CoreGraphics.framework in Frameworks */ = {isa = PBXBuildFile; fileRef = F2F8B7E31EB18B0B000A438B /* CoreGraphics.framework */; };
/* End PBXBuildFile section */

/* Begin PBXFileReference section */
		4B0490E81E734614003F49DF /* SongTableViewCell.swift */ = {isa = PBXFileReference; fileEncoding = 4; lastKnownFileType = sourcecode.swift; path = SongTableViewCell.swift; sourceTree = "<group>"; };
		4B0FB57F1E59A12C008D34FD /* CoreLocation.framework */ = {isa = PBXFileReference; lastKnownFileType = wrapper.framework; name = CoreLocation.framework; path = System/Library/Frameworks/CoreLocation.framework; sourceTree = SDKROOT; };
		4B13DE4B1E8AFA970060D29A /* StreamCell.swift */ = {isa = PBXFileReference; fileEncoding = 4; lastKnownFileType = sourcecode.swift; path = StreamCell.swift; sourceTree = "<group>"; };
		4B13DE4D1E8AFB850060D29A /* StreamsTableViewController.swift */ = {isa = PBXFileReference; fileEncoding = 4; lastKnownFileType = sourcecode.swift; path = StreamsTableViewController.swift; sourceTree = "<group>"; };
		4B336A661E8B54A0003CEDBB /* Models.swift */ = {isa = PBXFileReference; fileEncoding = 4; lastKnownFileType = sourcecode.swift; path = Models.swift; sourceTree = "<group>"; };
		4B3A34C91E58120F00C314A0 /* Juke.app */ = {isa = PBXFileReference; explicitFileType = wrapper.application; includeInIndex = 0; path = Juke.app; sourceTree = BUILT_PRODUCTS_DIR; };
		4B3A34CC1E58120F00C314A0 /* AppDelegate.swift */ = {isa = PBXFileReference; lastKnownFileType = sourcecode.swift; path = AppDelegate.swift; sourceTree = "<group>"; };
		4B3A34CF1E58120F00C314A0 /* Juke.xcdatamodel */ = {isa = PBXFileReference; lastKnownFileType = wrapper.xcdatamodel; path = Juke.xcdatamodel; sourceTree = "<group>"; };
		4B3A34D61E58120F00C314A0 /* Base */ = {isa = PBXFileReference; lastKnownFileType = file.storyboard; name = Base; path = Base.lproj/Main.storyboard; sourceTree = "<group>"; };
		4B3A34DD1E58120F00C314A0 /* Info.plist */ = {isa = PBXFileReference; lastKnownFileType = text.plist.xml; path = Info.plist; sourceTree = "<group>"; };
		4B3A34E41E581F1300C314A0 /* AVFoundation.framework */ = {isa = PBXFileReference; lastKnownFileType = wrapper.framework; name = AVFoundation.framework; path = System/Library/Frameworks/AVFoundation.framework; sourceTree = SDKROOT; };
		4B3A34E61E581F8F00C314A0 /* SystemConfiguration.framework */ = {isa = PBXFileReference; lastKnownFileType = wrapper.framework; name = SystemConfiguration.framework; path = System/Library/Frameworks/SystemConfiguration.framework; sourceTree = SDKROOT; };
		4B3F95171F143BCA00CBEF79 /* Assets.xcassets */ = {isa = PBXFileReference; lastKnownFileType = folder.assetcatalog; path = Assets.xcassets; sourceTree = "<group>"; };
		4B425D6A1E79FADF0040BC3D /* LocationManager.swift */ = {isa = PBXFileReference; fileEncoding = 4; lastKnownFileType = sourcecode.swift; path = LocationManager.swift; sourceTree = "<group>"; };
		4B467E7D1F043E19000EA03C /* FriendCollectionViewCell.swift */ = {isa = PBXFileReference; fileEncoding = 4; lastKnownFileType = sourcecode.swift; path = FriendCollectionViewCell.swift; sourceTree = "<group>"; };
		4B99E0501E790D150086394A /* SocketManager.swift */ = {isa = PBXFileReference; fileEncoding = 4; lastKnownFileType = sourcecode.swift; path = SocketManager.swift; sourceTree = "<group>"; };
		4BA7CB6F1E8ED007003E3DC8 /* MyStreamController.swift */ = {isa = PBXFileReference; fileEncoding = 4; lastKnownFileType = sourcecode.swift; path = MyStreamController.swift; sourceTree = "<group>"; };
		4BA9B3F41E91B043003D352E /* CurrentUser.swift */ = {isa = PBXFileReference; fileEncoding = 4; lastKnownFileType = sourcecode.swift; path = CurrentUser.swift; sourceTree = "<group>"; };
		4BC778531E5821C2009DD520 /* Juke-Bridging-Header.h */ = {isa = PBXFileReference; lastKnownFileType = sourcecode.c.h; path = "Juke-Bridging-Header.h"; sourceTree = "<group>"; };
		4BDCEBA71E709F7F00D9D3EE /* JamsPlayer.swift */ = {isa = PBXFileReference; fileEncoding = 4; lastKnownFileType = sourcecode.swift; path = JamsPlayer.swift; sourceTree = "<group>"; };
		4BDCEC051E720D0B00D9D3EE /* ServerConstants.swift */ = {isa = PBXFileReference; fileEncoding = 4; lastKnownFileType = sourcecode.swift; path = ServerConstants.swift; sourceTree = "<group>"; };
		4BF307B01E7797B9002CAE9E /* CardTableViewCell.swift */ = {isa = PBXFileReference; fileEncoding = 4; lastKnownFileType = sourcecode.swift; path = CardTableViewCell.swift; sourceTree = "<group>"; };
		72A8139088E7F63BECA297C9 /* Pods-Juke.release.xcconfig */ = {isa = PBXFileReference; includeInIndex = 1; lastKnownFileType = text.xcconfig; name = "Pods-Juke.release.xcconfig"; path = "Pods/Target Support Files/Pods-Juke/Pods-Juke.release.xcconfig"; sourceTree = "<group>"; };
		D9D54D33C710A946C6515520 /* Pods_Juke.framework */ = {isa = PBXFileReference; explicitFileType = wrapper.framework; includeInIndex = 0; path = Pods_Juke.framework; sourceTree = BUILT_PRODUCTS_DIR; };
		ECDA8CAF8FCA9C3B7EFCAFF4 /* Pods-Juke.debug.xcconfig */ = {isa = PBXFileReference; includeInIndex = 1; lastKnownFileType = text.xcconfig; name = "Pods-Juke.debug.xcconfig"; path = "Pods/Target Support Files/Pods-Juke/Pods-Juke.debug.xcconfig"; sourceTree = "<group>"; };
		F2317CB31EB78FA8003ACBE7 /* entrybkgnd.mp4 */ = {isa = PBXFileReference; lastKnownFileType = file; path = entrybkgnd.mp4; sourceTree = "<group>"; };
		F250A6D41F4181A600816AAC /* GoogleService-Info.plist */ = {isa = PBXFileReference; fileEncoding = 4; lastKnownFileType = text.plist.xml; path = "GoogleService-Info.plist"; sourceTree = "<group>"; };
		F26A652D1EB194F100ADB14E /* SpotifyAudioPlayback.framework */ = {isa = PBXFileReference; lastKnownFileType = wrapper.framework; path = SpotifyAudioPlayback.framework; sourceTree = "<group>"; };
		F26A652E1EB194F100ADB14E /* SpotifyAuthentication.framework */ = {isa = PBXFileReference; lastKnownFileType = wrapper.framework; path = SpotifyAuthentication.framework; sourceTree = "<group>"; };
		F26A652F1EB194F100ADB14E /* SpotifyMetadata.framework */ = {isa = PBXFileReference; lastKnownFileType = wrapper.framework; path = SpotifyMetadata.framework; sourceTree = "<group>"; };
		F2DB0B321EA1145A00A13E30 /* SearchTableViewController.swift */ = {isa = PBXFileReference; fileEncoding = 4; lastKnownFileType = sourcecode.swift; path = SearchTableViewController.swift; sourceTree = "<group>"; };
		F2DB0B361EA14BA200A13E30 /* SearchCell.swift */ = {isa = PBXFileReference; fileEncoding = 4; lastKnownFileType = sourcecode.swift; path = SearchCell.swift; sourceTree = "<group>"; };
		F2E815571E90BBBC00404DDF /* LoginViewController.swift */ = {isa = PBXFileReference; fileEncoding = 4; lastKnownFileType = sourcecode.swift; path = LoginViewController.swift; sourceTree = "<group>"; };
		F2F8B7E31EB18B0B000A438B /* CoreGraphics.framework */ = {isa = PBXFileReference; lastKnownFileType = wrapper.framework; name = CoreGraphics.framework; path = System/Library/Frameworks/CoreGraphics.framework; sourceTree = SDKROOT; };
/* End PBXFileReference section */

/* Begin PBXFrameworksBuildPhase section */
		4B3A34C61E58120F00C314A0 /* Frameworks */ = {
			isa = PBXFrameworksBuildPhase;
			buildActionMask = 2147483647;
			files = (
				F2F8B7E41EB18B0B000A438B /* CoreGraphics.framework in Frameworks */,
				F26A65311EB194F100ADB14E /* SpotifyAuthentication.framework in Frameworks */,
				4B0FB5801E59A12C008D34FD /* CoreLocation.framework in Frameworks */,
				4B3A34E71E581F8F00C314A0 /* SystemConfiguration.framework in Frameworks */,
				F26A65321EB194F100ADB14E /* SpotifyMetadata.framework in Frameworks */,
				4B3A34E51E581F1300C314A0 /* AVFoundation.framework in Frameworks */,
				4A4F167F5B62F339520F3BEB /* Pods_Juke.framework in Frameworks */,
				F26A65301EB194F100ADB14E /* SpotifyAudioPlayback.framework in Frameworks */,
			);
			runOnlyForDeploymentPostprocessing = 0;
		};
/* End PBXFrameworksBuildPhase section */

/* Begin PBXGroup section */
		4B3A34C01E58120E00C314A0 = {
			isa = PBXGroup;
			children = (
				4B3A34CB1E58120F00C314A0 /* Juke */,
				4B3A34CA1E58120F00C314A0 /* Products */,
				4B3A34E31E581F1300C314A0 /* Frameworks */,
				5180FECD659CC87351E2CFDD /* Pods */,
			);
			sourceTree = "<group>";
		};
		4B3A34CA1E58120F00C314A0 /* Products */ = {
			isa = PBXGroup;
			children = (
				4B3A34C91E58120F00C314A0 /* Juke.app */,
			);
			name = Products;
			sourceTree = "<group>";
		};
		4B3A34CB1E58120F00C314A0 /* Juke */ = {
			isa = PBXGroup;
			children = (
				F250A6D41F4181A600816AAC /* GoogleService-Info.plist */,
				F2317CB31EB78FA8003ACBE7 /* entrybkgnd.mp4 */,
				4B3F95171F143BCA00CBEF79 /* Assets.xcassets */,
				F2317CB51EB7D3A5003ACBE7 /* Videos */,
				F2E815571E90BBBC00404DDF /* LoginViewController.swift */,
				4BA7CB6F1E8ED007003E3DC8 /* MyStreamController.swift */,
				4BF307B01E7797B9002CAE9E /* CardTableViewCell.swift */,
				4B3A34CC1E58120F00C314A0 /* AppDelegate.swift */,
				4B3A34D51E58120F00C314A0 /* Main.storyboard */,
				4B3A34DD1E58120F00C314A0 /* Info.plist */,
				4B3A34CE1E58120F00C314A0 /* Juke.xcdatamodeld */,
				4BC778531E5821C2009DD520 /* Juke-Bridging-Header.h */,
				4BDCEBA71E709F7F00D9D3EE /* JamsPlayer.swift */,
				4BDCEC051E720D0B00D9D3EE /* ServerConstants.swift */,
				4B0490E81E734614003F49DF /* SongTableViewCell.swift */,
				4B99E0501E790D150086394A /* SocketManager.swift */,
				4B425D6A1E79FADF0040BC3D /* LocationManager.swift */,
				4B13DE4B1E8AFA970060D29A /* StreamCell.swift */,
				4B13DE4D1E8AFB850060D29A /* StreamsTableViewController.swift */,
				4B336A661E8B54A0003CEDBB /* Models.swift */,
				4BA9B3F41E91B043003D352E /* CurrentUser.swift */,
				F2DB0B321EA1145A00A13E30 /* SearchTableViewController.swift */,
				F2DB0B361EA14BA200A13E30 /* SearchCell.swift */,
				4B467E7D1F043E19000EA03C /* FriendCollectionViewCell.swift */,
			);
			path = Juke;
			sourceTree = "<group>";
		};
		4B3A34E31E581F1300C314A0 /* Frameworks */ = {
			isa = PBXGroup;
			children = (
				F26A652D1EB194F100ADB14E /* SpotifyAudioPlayback.framework */,
				F26A652E1EB194F100ADB14E /* SpotifyAuthentication.framework */,
				F26A652F1EB194F100ADB14E /* SpotifyMetadata.framework */,
				F2F8B7E31EB18B0B000A438B /* CoreGraphics.framework */,
				4B0FB57F1E59A12C008D34FD /* CoreLocation.framework */,
				4B3A34E61E581F8F00C314A0 /* SystemConfiguration.framework */,
				4B3A34E41E581F1300C314A0 /* AVFoundation.framework */,
				D9D54D33C710A946C6515520 /* Pods_Juke.framework */,
			);
			name = Frameworks;
			sourceTree = "<group>";
		};
		5180FECD659CC87351E2CFDD /* Pods */ = {
			isa = PBXGroup;
			children = (
				ECDA8CAF8FCA9C3B7EFCAFF4 /* Pods-Juke.debug.xcconfig */,
				72A8139088E7F63BECA297C9 /* Pods-Juke.release.xcconfig */,
			);
			name = Pods;
			sourceTree = "<group>";
		};
		F2317CB51EB7D3A5003ACBE7 /* Videos */ = {
			isa = PBXGroup;
			children = (
			);
			name = Videos;
			sourceTree = "<group>";
		};
/* End PBXGroup section */

/* Begin PBXNativeTarget section */
		4B3A34C81E58120F00C314A0 /* Juke */ = {
			isa = PBXNativeTarget;
			buildConfigurationList = 4B3A34E01E58120F00C314A0 /* Build configuration list for PBXNativeTarget "Juke" */;
			buildPhases = (
				1C84BB5E4D3C91E7D0B3498F /* [CP] Check Pods Manifest.lock */,
				4B3A34C51E58120F00C314A0 /* Sources */,
				4B3A34C61E58120F00C314A0 /* Frameworks */,
				4B3A34C71E58120F00C314A0 /* Resources */,
				CC88373AA3F209863ABDC536 /* [CP] Embed Pods Frameworks */,
				34A7314F190E8126F182500E /* [CP] Copy Pods Resources */,
			);
			buildRules = (
			);
			dependencies = (
			);
			name = Juke;
			productName = Juke;
			productReference = 4B3A34C91E58120F00C314A0 /* Juke.app */;
			productType = "com.apple.product-type.application";
		};
/* End PBXNativeTarget section */

/* Begin PBXProject section */
		4B3A34C11E58120E00C314A0 /* Project object */ = {
			isa = PBXProject;
			attributes = {
				LastSwiftUpdateCheck = 0800;
				LastUpgradeCheck = 0820;
				ORGANIZATIONNAME = csmith;
				TargetAttributes = {
					4B3A34C81E58120F00C314A0 = {
						CreatedOnToolsVersion = 8.0;
						DevelopmentTeam = 2746PGXGF5;
						LastSwiftMigration = 0800;
						ProvisioningStyle = Automatic;
					};
				};
			};
			buildConfigurationList = 4B3A34C41E58120E00C314A0 /* Build configuration list for PBXProject "Juke" */;
			compatibilityVersion = "Xcode 3.2";
			developmentRegion = English;
			hasScannedForEncodings = 0;
			knownRegions = (
				en,
				Base,
			);
			mainGroup = 4B3A34C01E58120E00C314A0;
			productRefGroup = 4B3A34CA1E58120F00C314A0 /* Products */;
			projectDirPath = "";
			projectRoot = "";
			targets = (
				4B3A34C81E58120F00C314A0 /* Juke */,
			);
		};
/* End PBXProject section */

/* Begin PBXResourcesBuildPhase section */
		4B3A34C71E58120F00C314A0 /* Resources */ = {
			isa = PBXResourcesBuildPhase;
			buildActionMask = 2147483647;
			files = (
				F2317CB41EB78FA8003ACBE7 /* entrybkgnd.mp4 in Resources */,
				F250A6D51F4181A600816AAC /* GoogleService-Info.plist in Resources */,
				4B3F95181F143BCA00CBEF79 /* Assets.xcassets in Resources */,
				4B3A34D71E58120F00C314A0 /* Main.storyboard in Resources */,
			);
			runOnlyForDeploymentPostprocessing = 0;
		};
/* End PBXResourcesBuildPhase section */

/* Begin PBXShellScriptBuildPhase section */
		1C84BB5E4D3C91E7D0B3498F /* [CP] Check Pods Manifest.lock */ = {
			isa = PBXShellScriptBuildPhase;
			buildActionMask = 2147483647;
			files = (
			);
			inputPaths = (
			);
			name = "[CP] Check Pods Manifest.lock";
			outputPaths = (
			);
			runOnlyForDeploymentPostprocessing = 0;
			shellPath = /bin/sh;
			shellScript = "diff \"${PODS_ROOT}/../Podfile.lock\" \"${PODS_ROOT}/Manifest.lock\" > /dev/null\nif [ $? != 0 ] ; then\n    # print error to STDERR\n    echo \"error: The sandbox is not in sync with the Podfile.lock. Run 'pod install' or update your CocoaPods installation.\" >&2\n    exit 1\nfi\n";
			showEnvVarsInLog = 0;
		};
		34A7314F190E8126F182500E /* [CP] Copy Pods Resources */ = {
			isa = PBXShellScriptBuildPhase;
			buildActionMask = 2147483647;
			files = (
			);
			inputPaths = (
			);
			name = "[CP] Copy Pods Resources";
			outputPaths = (
			);
			runOnlyForDeploymentPostprocessing = 0;
			shellPath = /bin/sh;
			shellScript = "\"${SRCROOT}/Pods/Target Support Files/Pods-Juke/Pods-Juke-resources.sh\"\n";
			showEnvVarsInLog = 0;
		};
		CC88373AA3F209863ABDC536 /* [CP] Embed Pods Frameworks */ = {
			isa = PBXShellScriptBuildPhase;
			buildActionMask = 2147483647;
			files = (
			);
			inputPaths = (
			);
			name = "[CP] Embed Pods Frameworks";
			outputPaths = (
			);
			runOnlyForDeploymentPostprocessing = 0;
			shellPath = /bin/sh;
			shellScript = "\"${SRCROOT}/Pods/Target Support Files/Pods-Juke/Pods-Juke-frameworks.sh\"\n";
			showEnvVarsInLog = 0;
		};
/* End PBXShellScriptBuildPhase section */

/* Begin PBXSourcesBuildPhase section */
		4B3A34C51E58120F00C314A0 /* Sources */ = {
			isa = PBXSourcesBuildPhase;
			buildActionMask = 2147483647;
			files = (
				4B13DE4C1E8AFA970060D29A /* StreamCell.swift in Sources */,
				4B336A671E8B54A0003CEDBB /* Models.swift in Sources */,
				4BDCEC061E720D0B00D9D3EE /* ServerConstants.swift in Sources */,
				4B3A34D01E58120F00C314A0 /* Juke.xcdatamodeld in Sources */,
				4B0490E91E734614003F49DF /* SongTableViewCell.swift in Sources */,
				4B13DE4E1E8AFB850060D29A /* StreamsTableViewController.swift in Sources */,
				F2DB0B331EA1145A00A13E30 /* SearchTableViewController.swift in Sources */,
				4B99E0511E790D150086394A /* SocketManager.swift in Sources */,
				4B467E7E1F043E19000EA03C /* FriendCollectionViewCell.swift in Sources */,
				4BA7CB701E8ED007003E3DC8 /* MyStreamController.swift in Sources */,
				4BF307B11E7797B9002CAE9E /* CardTableViewCell.swift in Sources */,
				4B425D6B1E79FADF0040BC3D /* LocationManager.swift in Sources */,
				F2E815581E90BBBC00404DDF /* LoginViewController.swift in Sources */,
				4B3A34CD1E58120F00C314A0 /* AppDelegate.swift in Sources */,
				4BDCEBA81E709F7F00D9D3EE /* JamsPlayer.swift in Sources */,
				F2DB0B371EA14BA200A13E30 /* SearchCell.swift in Sources */,
				4BA9B3F51E91B043003D352E /* CurrentUser.swift in Sources */,
			);
			runOnlyForDeploymentPostprocessing = 0;
		};
/* End PBXSourcesBuildPhase section */

/* Begin PBXVariantGroup section */
		4B3A34D51E58120F00C314A0 /* Main.storyboard */ = {
			isa = PBXVariantGroup;
			children = (
				4B3A34D61E58120F00C314A0 /* Base */,
			);
			name = Main.storyboard;
			sourceTree = "<group>";
		};
/* End PBXVariantGroup section */

/* Begin XCBuildConfiguration section */
		4B3A34DE1E58120F00C314A0 /* Debug */ = {
			isa = XCBuildConfiguration;
			buildSettings = {
				ALWAYS_SEARCH_USER_PATHS = NO;
				CLANG_ANALYZER_NONNULL = YES;
				CLANG_CXX_LANGUAGE_STANDARD = "gnu++0x";
				CLANG_CXX_LIBRARY = "libc++";
				CLANG_ENABLE_MODULES = YES;
				CLANG_ENABLE_OBJC_ARC = YES;
				CLANG_WARN_BOOL_CONVERSION = YES;
				CLANG_WARN_CONSTANT_CONVERSION = YES;
				CLANG_WARN_DIRECT_OBJC_ISA_USAGE = YES_ERROR;
				CLANG_WARN_DOCUMENTATION_COMMENTS = YES;
				CLANG_WARN_EMPTY_BODY = YES;
				CLANG_WARN_ENUM_CONVERSION = YES;
				CLANG_WARN_INFINITE_RECURSION = YES;
				CLANG_WARN_INT_CONVERSION = YES;
				CLANG_WARN_OBJC_ROOT_CLASS = YES_ERROR;
				CLANG_WARN_SUSPICIOUS_MOVE = YES;
				CLANG_WARN_SUSPICIOUS_MOVES = YES;
				CLANG_WARN_UNREACHABLE_CODE = YES;
				CLANG_WARN__DUPLICATE_METHOD_MATCH = YES;
				"CODE_SIGN_IDENTITY[sdk=iphoneos*]" = "iPhone Developer";
				COPY_PHASE_STRIP = NO;
				DEBUG_INFORMATION_FORMAT = dwarf;
				ENABLE_STRICT_OBJC_MSGSEND = YES;
				ENABLE_TESTABILITY = YES;
				GCC_C_LANGUAGE_STANDARD = gnu99;
				GCC_DYNAMIC_NO_PIC = NO;
				GCC_NO_COMMON_BLOCKS = YES;
				GCC_OPTIMIZATION_LEVEL = 0;
				GCC_PREPROCESSOR_DEFINITIONS = (
					"DEBUG=1",
					"$(inherited)",
				);
				GCC_WARN_64_TO_32_BIT_CONVERSION = YES;
				GCC_WARN_ABOUT_RETURN_TYPE = YES_ERROR;
				GCC_WARN_UNDECLARED_SELECTOR = YES;
				GCC_WARN_UNINITIALIZED_AUTOS = YES_AGGRESSIVE;
				GCC_WARN_UNUSED_FUNCTION = YES;
				GCC_WARN_UNUSED_VARIABLE = YES;
				IPHONEOS_DEPLOYMENT_TARGET = 10.0;
				MTL_ENABLE_DEBUG_INFO = YES;
				ONLY_ACTIVE_ARCH = YES;
				SDKROOT = iphoneos;
				SWIFT_ACTIVE_COMPILATION_CONDITIONS = DEBUG;
				SWIFT_OPTIMIZATION_LEVEL = "-Onone";
				TARGETED_DEVICE_FAMILY = "1,2";
			};
			name = Debug;
		};
		4B3A34DF1E58120F00C314A0 /* Release */ = {
			isa = XCBuildConfiguration;
			buildSettings = {
				ALWAYS_SEARCH_USER_PATHS = NO;
				CLANG_ANALYZER_NONNULL = YES;
				CLANG_CXX_LANGUAGE_STANDARD = "gnu++0x";
				CLANG_CXX_LIBRARY = "libc++";
				CLANG_ENABLE_MODULES = YES;
				CLANG_ENABLE_OBJC_ARC = YES;
				CLANG_WARN_BOOL_CONVERSION = YES;
				CLANG_WARN_CONSTANT_CONVERSION = YES;
				CLANG_WARN_DIRECT_OBJC_ISA_USAGE = YES_ERROR;
				CLANG_WARN_DOCUMENTATION_COMMENTS = YES;
				CLANG_WARN_EMPTY_BODY = YES;
				CLANG_WARN_ENUM_CONVERSION = YES;
				CLANG_WARN_INFINITE_RECURSION = YES;
				CLANG_WARN_INT_CONVERSION = YES;
				CLANG_WARN_OBJC_ROOT_CLASS = YES_ERROR;
				CLANG_WARN_SUSPICIOUS_MOVE = YES;
				CLANG_WARN_SUSPICIOUS_MOVES = YES;
				CLANG_WARN_UNREACHABLE_CODE = YES;
				CLANG_WARN__DUPLICATE_METHOD_MATCH = YES;
				"CODE_SIGN_IDENTITY[sdk=iphoneos*]" = "iPhone Developer";
				COPY_PHASE_STRIP = NO;
				DEBUG_INFORMATION_FORMAT = "dwarf-with-dsym";
				ENABLE_NS_ASSERTIONS = NO;
				ENABLE_STRICT_OBJC_MSGSEND = YES;
				GCC_C_LANGUAGE_STANDARD = gnu99;
				GCC_NO_COMMON_BLOCKS = YES;
				GCC_WARN_64_TO_32_BIT_CONVERSION = YES;
				GCC_WARN_ABOUT_RETURN_TYPE = YES_ERROR;
				GCC_WARN_UNDECLARED_SELECTOR = YES;
				GCC_WARN_UNINITIALIZED_AUTOS = YES_AGGRESSIVE;
				GCC_WARN_UNUSED_FUNCTION = YES;
				GCC_WARN_UNUSED_VARIABLE = YES;
				IPHONEOS_DEPLOYMENT_TARGET = 10.0;
				MTL_ENABLE_DEBUG_INFO = NO;
				SDKROOT = iphoneos;
				SWIFT_OPTIMIZATION_LEVEL = "-Owholemodule";
				TARGETED_DEVICE_FAMILY = "1,2";
				VALIDATE_PRODUCT = YES;
			};
			name = Release;
		};
		4B3A34E11E58120F00C314A0 /* Debug */ = {
			isa = XCBuildConfiguration;
			baseConfigurationReference = ECDA8CAF8FCA9C3B7EFCAFF4 /* Pods-Juke.debug.xcconfig */;
			buildSettings = {
				ASSETCATALOG_COMPILER_APPICON_NAME = AppIcon;
				CLANG_ENABLE_MODULES = YES;
				CODE_SIGN_IDENTITY = "iPhone Developer";
				"CODE_SIGN_IDENTITY[sdk=iphoneos*]" = "iPhone Developer";
				DEVELOPMENT_TEAM = 2746PGXGF5;
				FRAMEWORK_SEARCH_PATHS = (
					"$(inherited)",
					"$(PROJECT_DIR)",
				);
				INCLUDED_RECURSIVE_SEARCH_PATH_SUBDIRECTORIES = "";
				INFOPLIST_FILE = Juke/Info.plist;
				IPHONEOS_DEPLOYMENT_TARGET = 10.0;
				LD_RUNPATH_SEARCH_PATHS = "$(inherited) @executable_path/Frameworks";
				OTHER_LDFLAGS = (
					"-ObjC",
					"$(inherited)",
				);
				PRODUCT_BUNDLE_IDENTIFIER = jukedev;
				PRODUCT_NAME = "$(TARGET_NAME)";
				SWIFT_OBJC_BRIDGING_HEADER = "Juke/Juke-Bridging-Header.h";
				SWIFT_OPTIMIZATION_LEVEL = "-Onone";
				SWIFT_VERSION = 3.0;
			};
			name = Debug;
		};
		4B3A34E21E58120F00C314A0 /* Release */ = {
			isa = XCBuildConfiguration;
			baseConfigurationReference = 72A8139088E7F63BECA297C9 /* Pods-Juke.release.xcconfig */;
			buildSettings = {
				ASSETCATALOG_COMPILER_APPICON_NAME = AppIcon;
				CLANG_ENABLE_MODULES = YES;
				CODE_SIGN_IDENTITY = "iPhone Developer";
				DEVELOPMENT_TEAM = 2746PGXGF5;
				FRAMEWORK_SEARCH_PATHS = (
					"$(inherited)",
					"$(PROJECT_DIR)",
				);
				INCLUDED_RECURSIVE_SEARCH_PATH_SUBDIRECTORIES = "";
				INFOPLIST_FILE = Juke/Info.plist;
				IPHONEOS_DEPLOYMENT_TARGET = 10.0;
				LD_RUNPATH_SEARCH_PATHS = "$(inherited) @executable_path/Frameworks";
				OTHER_LDFLAGS = (
					"-ObjC",
					"$(inherited)",
				);
				PRODUCT_BUNDLE_IDENTIFIER = jukedev;
				PRODUCT_NAME = "$(TARGET_NAME)";
				SWIFT_OBJC_BRIDGING_HEADER = "Juke/Juke-Bridging-Header.h";
				SWIFT_VERSION = 3.0;
			};
			name = Release;
		};
/* End XCBuildConfiguration section */

/* Begin XCConfigurationList section */
		4B3A34C41E58120E00C314A0 /* Build configuration list for PBXProject "Juke" */ = {
			isa = XCConfigurationList;
			buildConfigurations = (
				4B3A34DE1E58120F00C314A0 /* Debug */,
				4B3A34DF1E58120F00C314A0 /* Release */,
			);
			defaultConfigurationIsVisible = 0;
			defaultConfigurationName = Release;
		};
		4B3A34E01E58120F00C314A0 /* Build configuration list for PBXNativeTarget "Juke" */ = {
			isa = XCConfigurationList;
			buildConfigurations = (
				4B3A34E11E58120F00C314A0 /* Debug */,
				4B3A34E21E58120F00C314A0 /* Release */,
			);
			defaultConfigurationIsVisible = 0;
			defaultConfigurationName = Release;
		};
/* End XCConfigurationList section */

/* Begin XCVersionGroup section */
		4B3A34CE1E58120F00C314A0 /* Juke.xcdatamodeld */ = {
			isa = XCVersionGroup;
			children = (
				4B3A34CF1E58120F00C314A0 /* Juke.xcdatamodel */,
			);
			currentVersion = 4B3A34CF1E58120F00C314A0 /* Juke.xcdatamodel */;
			path = Juke.xcdatamodeld;
			sourceTree = "<group>";
			versionGroupType = wrapper.xcdatamodel;
		};
/* End XCVersionGroup section */
	};
	rootObject = 4B3A34C11E58120E00C314A0 /* Project object */;
}
