PODS:
  - Alamofire (4.4.0)
  - AlamofireImage (3.2.0):
    - Alamofire (~> 4.1)
  - ESTMusicIndicator (0.1.3)
  - Firebase/Auth (4.0.4):
    - Firebase/Core
    - FirebaseAuth (= 4.0.0)
  - Firebase/Core (4.0.4):
    - FirebaseAnalytics (= 4.0.2)
    - FirebaseCore (= 4.0.4)
  - Firebase/Database (4.0.4):
    - Firebase/Core
    - FirebaseDatabase (= 4.0.0)
  - Firebase/Storage (4.0.4):
    - Firebase/Core
    - FirebaseStorage (= 2.0.0)
  - FirebaseAnalytics (4.0.2):
    - FirebaseCore (~> 4.0)
    - FirebaseInstanceID (~> 2.0)
    - GoogleToolboxForMac/NSData+zlib (~> 2.1)
  - FirebaseAuth (4.0.0):
    - FirebaseAnalytics (~> 4.0)
    - GoogleToolboxForMac/NSDictionary+URLArguments (~> 2.1)
    - GTMSessionFetcher/Core (~> 1.1)
  - FirebaseCore (4.0.4):
    - GoogleToolboxForMac/NSData+zlib (~> 2.1)
    - nanopb (~> 0.3)
  - FirebaseDatabase (4.0.0):
    - FirebaseAnalytics (~> 4.0)
  - FirebaseInstanceID (2.0.0):
    - FirebaseCore (~> 4.0)
  - FirebaseStorage (2.0.0):
    - FirebaseAnalytics (~> 4.0)
    - FirebaseCore (~> 4.0)
    - GTMSessionFetcher/Core (~> 1.1)
  - Floaty (3.0.0)
  - GoogleToolboxForMac/DebugUtils (2.1.1):
    - GoogleToolboxForMac/Defines (= 2.1.1)
  - GoogleToolboxForMac/Defines (2.1.1)
  - GoogleToolboxForMac/NSData+zlib (2.1.1):
    - GoogleToolboxForMac/Defines (= 2.1.1)
  - GoogleToolboxForMac/NSDictionary+URLArguments (2.1.1):
    - GoogleToolboxForMac/DebugUtils (= 2.1.1)
    - GoogleToolboxForMac/Defines (= 2.1.1)
    - GoogleToolboxForMac/NSString+URLArguments (= 2.1.1)
  - GoogleToolboxForMac/NSString+URLArguments (2.1.1)
  - GTMSessionFetcher/Core (1.1.11)
  - nanopb (0.3.8):
    - nanopb/decode (= 0.3.8)
    - nanopb/encode (= 0.3.8)
  - nanopb/decode (0.3.8)
  - nanopb/encode (0.3.8)
  - PKHUD (4.2.0)
  - RevealingSplashView (0.1.0)
  - SCLAlertView (0.7.0)
  - Socket.IO-Client-Swift (8.3.0)
  - Unbox (2.4.0)

DEPENDENCIES:
  - Alamofire (~> 4.4)
  - AlamofireImage (~> 3.1)
  - ESTMusicIndicator
  - Firebase/Auth
  - Firebase/Core
  - Firebase/Database
  - Firebase/Storage
  - Floaty (~> 3.0.0)
  - PKHUD (~> 4.0)
  - RevealingSplashView
  - SCLAlertView
  - Socket.IO-Client-Swift (~> 8.3.0)
  - Unbox

SPEC CHECKSUMS:
  Alamofire: dc44b1600b800eb63da6a19039a0083d62a6a62d
  AlamofireImage: 157ed682cc81d3b9db4fb90c1f12180ac552d93b
  ESTMusicIndicator: 0b28ed54b5ec2206aa135b2b9db3fe255bb6e6ef
  Firebase: 1492bf04e1b73a7353b4fb2cf5a20bac9692f341
  FirebaseAnalytics: ad41720e3e67fc63fbe3d2948d3e26932a8de311
  FirebaseAuth: ebb6abcbabae00fc47446d690c19ce68d8484fde
  FirebaseCore: cfc042628ef9f20debe09c0eb683135fcd404cb4
  FirebaseDatabase: d829b3a8c3e2ac7a16773c5df226966b0805dfc2
  FirebaseInstanceID: 9fbf536668f4d3f0880e7438456dabd1376e294b
  FirebaseStorage: 8110a1ed2034c8fbfd83890d2acc9cdbbd99afec
  Floaty: d1be5d323094f0de422bb615452d00ba26ac74dd
  GoogleToolboxForMac: 8e329f1b599f2512c6b10676d45736bcc2cbbeb0
  GTMSessionFetcher: 5ad62e8200fa00ed011fe5e08d27fef72c5b1429
  nanopb: 5601e6bca2dbf1ed831b519092ec110f66982ca3
  PKHUD: 48af884cf00c2213b0313b739d914e6cab1c0f5e
  RevealingSplashView: 501dd03d975ba2c4165dd463ea1c7c407fb9d13e
  SCLAlertView: 8a14ffc40590c619e183eed2298b854385f30be1
  Socket.IO-Client-Swift: 7ad3aded3c0f74d99555e950ac3aa82ca3eefbaf
  Unbox: c8b2ab69d3337597b4a3f47a0538807dc12db670

PODFILE CHECKSUM: 9986c857f4149fdc2f3b6b679da19feb2c5a3b94

COCOAPODS: 1.2.0
